{
  "version": 4,
  "terraform_version": "1.13.4",
  "serial": 712,
  "lineage": "3d6d813b-9fa6-a77b-5b7e-e6e58ef67cd9",
  "outputs": {
    "alb_ip": {
      "value": "158.160.143.180",
      "type": "string"
    },
    "bastion_ip": {
      "value": "51.250.79.88",
      "type": "string"
    },
    "elasticsearch_ip": {
      "value": "192.168.2.16",
      "type": "string"
    },
    "private_subnet_a_id": {
      "value": "e9brdeg504hevuigiv1n",
      "type": "string"
    },
    "private_subnet_b_id": {
      "value": "e2lkgg96agtm3l53290a",
      "type": "string"
    },
    "public_subnet_id": {
      "value": "e9b6cpf3ck5pdl89d653",
      "type": "string"
    },
    "vpc_id": {
      "value": "enpmpi28u0p3mkkj2kmq",
      "type": "string"
    },
    "web1_ip": {
      "value": "192.168.2.34",
      "type": "string"
    },
    "web2_ip": {
      "value": "192.168.3.25",
      "type": "string"
    }
  },
  "resources": [
    {
      "mode": "data",
      "type": "yandex_compute_image",
      "name": "ubuntu",
      "provider": "provider[\"registry.terraform.io/yandex-cloud/yandex\"]",
      "instances": [
        {
          "schema_version": 0,
          "attributes": {
            "created_at": "2025-10-20T11:06:40Z",
            "description": "Ubuntu 22.04 lts v20251017030356",
            "family": "ubuntu-2204-lts",
            "folder_id": "standard-images",
            "hardware_generation": [
              {
                "generation2_features": [],
                "legacy_features": [
                  {
                    "pci_topology": "PCI_TOPOLOGY_V2"
                  }
                ]
              }
            ],
            "id": "fd86n9726b9nc43mr7ru",
            "image_id": "fd86n9726b9nc43mr7ru",
            "kms_key_id": null,
            "labels": {
              "version": "20251017030356"
            },
            "min_disk_size": 8,
            "name": "ubuntu-22-04-lts-v20251020",
            "os_type": "linux",
            "pooled": true,
            "product_ids": [
              "f2ebbt74qh13a16i6r4m"
            ],
            "size": 2,
            "status": "ready"
          },
          "sensitive_attributes": [],
          "identity_schema_version": 0
        }
      ]
    },
    {
      "mode": "managed",
      "type": "null_resource",
      "name": "deploy_nginx",
      "provider": "provider[\"registry.terraform.io/hashicorp/null\"]",
      "instances": [
        {
          "schema_version": 0,
          "attributes": {
            "id": "2409889071562499944",
            "triggers": {
              "web1_id": "fhmj69d01suvku6g7umb",
              "web2_id": "epdpt24d08j8fab3dj6a"
            }
          },
          "sensitive_attributes": [],
          "identity_schema_version": 0,
          "dependencies": [
            "data.yandex_compute_image.ubuntu",
            "yandex_compute_instance.bastion",
            "yandex_compute_instance.web",
            "yandex_vpc_gateway.nat_gateway",
            "yandex_vpc_network.diploma",
            "yandex_vpc_route_table.nat",
            "yandex_vpc_security_group.bastion",
            "yandex_vpc_security_group.web",
            "yandex_vpc_security_group.zabbix",
            "yandex_vpc_subnet.private_a",
            "yandex_vpc_subnet.private_b",
            "yandex_vpc_subnet.public"
          ]
        }
      ]
    },
    {
      "mode": "managed",
      "type": "yandex_alb_backend_group",
      "name": "web",
      "provider": "provider[\"registry.terraform.io/yandex-cloud/yandex\"]",
      "instances": [
        {
          "schema_version": 0,
          "attributes": {
            "created_at": "2025-11-02T14:19:01Z",
            "description": "",
            "folder_id": "b1gh19tdmqdb1m0tod0r",
            "grpc_backend": [],
            "http_backend": [
              {
                "healthcheck": [
                  {
                    "grpc_healthcheck": [],
                    "healthcheck_port": 0,
                    "healthy_threshold": 2,
                    "http_healthcheck": [
                      {
                        "expected_statuses": [],
                        "host": "",
                        "http2": false,
                        "path": "/"
                      }
                    ],
                    "interval": "5s",
                    "interval_jitter_percent": 0,
                    "stream_healthcheck": [],
                    "timeout": "5s",
                    "unhealthy_threshold": 2
                  }
                ],
                "http2": false,
                "load_balancing_config": [
                  {
                    "locality_aware_routing_percent": 0,
                    "mode": "ROUND_ROBIN",
                    "panic_threshold": 50,
                    "strict_locality": false
                  }
                ],
                "name": "web-backend",
                "port": 80,
                "storage_bucket": "",
                "target_group_ids": [
                  "ds7hgr69e6ok7dmsoiu3"
                ],
                "tls": [],
                "weight": 1
              }
            ],
            "id": "ds7k9jv5difk53k5je9i",
            "labels": {},
            "name": "web-backend-group",
            "session_affinity": [],
            "stream_backend": [],
            "timeouts": null
          },
          "sensitive_attributes": [],
          "identity_schema_version": 0,
          "private": "eyJlMmJmYjczMC1lY2FhLTExZTYtOGY4OC0zNDM2M2JjN2M0YzAiOnsiY3JlYXRlIjozMDAwMDAwMDAwMDAsImRlbGV0ZSI6MzAwMDAwMDAwMDAwLCJ1cGRhdGUiOjMwMDAwMDAwMDAwMH19",
          "dependencies": [
            "data.yandex_compute_image.ubuntu",
            "yandex_alb_target_group.web",
            "yandex_compute_instance.web",
            "yandex_vpc_gateway.nat_gateway",
            "yandex_vpc_network.diploma",
            "yandex_vpc_route_table.nat",
            "yandex_vpc_security_group.bastion",
            "yandex_vpc_security_group.web",
            "yandex_vpc_security_group.zabbix",
            "yandex_vpc_subnet.private_a",
            "yandex_vpc_subnet.private_b"
          ]
        }
      ]
    },
    {
      "mode": "managed",
      "type": "yandex_alb_http_router",
      "name": "web",
      "provider": "provider[\"registry.terraform.io/yandex-cloud/yandex\"]",
      "instances": [
        {
          "schema_version": 0,
          "attributes": {
            "created_at": "2025-11-02T14:18:11Z",
            "description": "",
            "folder_id": "b1gh19tdmqdb1m0tod0r",
            "id": "ds7q3pkqvaoi3o93a33u",
            "labels": {},
            "name": "web-router",
            "route_options": [],
            "timeouts": null
          },
          "sensitive_attributes": [],
          "identity_schema_version": 0,
          "private": "eyJlMmJmYjczMC1lY2FhLTExZTYtOGY4OC0zNDM2M2JjN2M0YzAiOnsiY3JlYXRlIjozMDAwMDAwMDAwMDAsImRlbGV0ZSI6MzAwMDAwMDAwMDAwLCJ1cGRhdGUiOjMwMDAwMDAwMDAwMH19"
        }
      ]
    },
    {
      "mode": "managed",
      "type": "yandex_alb_load_balancer",
      "name": "web",
      "provider": "provider[\"registry.terraform.io/yandex-cloud/yandex\"]",
      "instances": [
        {
          "schema_version": 0,
          "attributes": {
            "allocation_policy": [
              {
                "location": [
                  {
                    "disable_traffic": false,
                    "subnet_id": "e9b6cpf3ck5pdl89d653",
                    "zone_id": "ru-central1-a"
                  }
                ]
              }
            ],
            "allow_zonal_shift": false,
            "auto_scale_policy": [],
            "created_at": "2025-11-02T14:20:27Z",
            "description": "",
            "folder_id": "b1gh19tdmqdb1m0tod0r",
            "id": "ds7pi20ohi7d7gc358hb",
            "labels": {},
            "listener": [
              {
                "endpoint": [
                  {
                    "address": [
                      {
                        "external_ipv4_address": [
                          {
                            "address": "158.160.143.180"
                          }
                        ],
                        "external_ipv6_address": [],
                        "internal_ipv4_address": []
                      }
                    ],
                    "ports": [
                      80
                    ]
                  }
                ],
                "http": [
                  {
                    "handler": [
                      {
                        "allow_http10": false,
                        "http2_options": [],
                        "http_router_id": "ds7q3pkqvaoi3o93a33u",
                        "rewrite_request_id": false
                      }
                    ],
                    "redirects": []
                  }
                ],
                "name": "http-listener",
                "stream": [],
                "tls": []
              }
            ],
            "log_group_id": "",
            "log_options": [],
            "name": "web-alb",
            "network_id": "enpmpi28u0p3mkkj2kmq",
            "region_id": "",
            "security_group_ids": [
              "enp0atlbqi0h57902c42"
            ],
            "status": "active",
            "timeouts": null
          },
          "sensitive_attributes": [],
          "identity_schema_version": 0,
          "private": "eyJlMmJmYjczMC1lY2FhLTExZTYtOGY4OC0zNDM2M2JjN2M0YzAiOnsiY3JlYXRlIjo2MDAwMDAwMDAwMDAsImRlbGV0ZSI6NjAwMDAwMDAwMDAwLCJ1cGRhdGUiOjYwMDAwMDAwMDAwMH19",
          "dependencies": [
            "data.yandex_compute_image.ubuntu",
            "null_resource.deploy_nginx",
            "yandex_alb_backend_group.web",
            "yandex_alb_http_router.web",
            "yandex_alb_target_group.web",
            "yandex_alb_virtual_host.web",
            "yandex_compute_instance.bastion",
            "yandex_compute_instance.web",
            "yandex_vpc_gateway.nat_gateway",
            "yandex_vpc_network.diploma",
            "yandex_vpc_route_table.nat",
            "yandex_vpc_security_group.alb",
            "yandex_vpc_security_group.bastion",
            "yandex_vpc_security_group.web",
            "yandex_vpc_security_group.zabbix",
            "yandex_vpc_subnet.private_a",
            "yandex_vpc_subnet.private_b",
            "yandex_vpc_subnet.public"
          ]
        }
      ]
    },
    {
      "mode": "managed",
      "type": "yandex_alb_target_group",
      "name": "web",
      "provider": "provider[\"registry.terraform.io/yandex-cloud/yandex\"]",
      "instances": [
        {
          "schema_version": 0,
          "attributes": {
            "created_at": "2025-11-02T14:19:01Z",
            "description": "",
            "folder_id": "b1gh19tdmqdb1m0tod0r",
            "id": "ds7hgr69e6ok7dmsoiu3",
            "labels": {},
            "name": "web-target-group",
            "target": [
              {
                "ip_address": "192.168.2.34",
                "private_ipv4_address": false,
                "subnet_id": "e9brdeg504hevuigiv1n"
              },
              {
                "ip_address": "192.168.3.25",
                "private_ipv4_address": false,
                "subnet_id": "e2lkgg96agtm3l53290a"
              }
            ],
            "timeouts": null
          },
          "sensitive_attributes": [],
          "identity_schema_version": 0,
          "private": "eyJlMmJmYjczMC1lY2FhLTExZTYtOGY4OC0zNDM2M2JjN2M0YzAiOnsiY3JlYXRlIjozMDAwMDAwMDAwMDAsImRlbGV0ZSI6MzAwMDAwMDAwMDAwLCJ1cGRhdGUiOjMwMDAwMDAwMDAwMH19",
          "dependencies": [
            "data.yandex_compute_image.ubuntu",
            "yandex_compute_instance.web",
            "yandex_vpc_gateway.nat_gateway",
            "yandex_vpc_network.diploma",
            "yandex_vpc_route_table.nat",
            "yandex_vpc_security_group.bastion",
            "yandex_vpc_security_group.web",
            "yandex_vpc_security_group.zabbix",
            "yandex_vpc_subnet.private_a",
            "yandex_vpc_subnet.private_b"
          ]
        }
      ]
    },
    {
      "mode": "managed",
      "type": "yandex_alb_virtual_host",
      "name": "web",
      "provider": "provider[\"registry.terraform.io/yandex-cloud/yandex\"]",
      "instances": [
        {
          "schema_version": 0,
          "attributes": {
            "authority": [],
            "http_router_id": "ds7q3pkqvaoi3o93a33u",
            "id": "ds7q3pkqvaoi3o93a33u/web-virtual-host",
            "modify_request_headers": [],
            "modify_response_headers": [],
            "name": "web-virtual-host",
            "rate_limit": [],
            "route": [
              {
                "disable_security_profile": false,
                "grpc_route": [],
                "http_route": [
                  {
                    "direct_response_action": [],
                    "http_match": [
                      {
                        "http_method": [],
                        "path": [
                          {
                            "exact": "",
                            "prefix": "/",
                            "regex": ""
                          }
                        ]
                      }
                    ],
                    "http_route_action": [
                      {
                        "auto_host_rewrite": false,
                        "backend_group_id": "ds7k9jv5difk53k5je9i",
                        "host_rewrite": "",
                        "idle_timeout": "",
                        "prefix_rewrite": "",
                        "rate_limit": [],
                        "regex_rewrite": [],
                        "timeout": "5s",
                        "upgrade_types": []
                      }
                    ],
                    "redirect_action": []
                  }
                ],
                "name": "root",
                "route_options": []
              }
            ],
            "route_options": [],
            "timeouts": null
          },
          "sensitive_attributes": [],
          "identity_schema_version": 0,
          "private": "eyJlMmJmYjczMC1lY2FhLTExZTYtOGY4OC0zNDM2M2JjN2M0YzAiOnsiY3JlYXRlIjozMDAwMDAwMDAwMDAsImRlbGV0ZSI6MzAwMDAwMDAwMDAwLCJ1cGRhdGUiOjMwMDAwMDAwMDAwMH19",
          "dependencies": [
            "data.yandex_compute_image.ubuntu",
            "yandex_alb_backend_group.web",
            "yandex_alb_http_router.web",
            "yandex_alb_target_group.web",
            "yandex_compute_instance.web",
            "yandex_vpc_gateway.nat_gateway",
            "yandex_vpc_network.diploma",
            "yandex_vpc_route_table.nat",
            "yandex_vpc_security_group.bastion",
            "yandex_vpc_security_group.web",
            "yandex_vpc_security_group.zabbix",
            "yandex_vpc_subnet.private_a",
            "yandex_vpc_subnet.private_b"
          ]
        }
      ]
    },
    {
      "mode": "managed",
      "type": "yandex_compute_instance",
      "name": "bastion",
      "provider": "provider[\"registry.terraform.io/yandex-cloud/yandex\"]",
      "instances": [
        {
          "schema_version": 1,
          "attributes": {
            "allow_recreate": null,
            "allow_stopping_for_update": true,
            "boot_disk": [
              {
                "auto_delete": true,
                "device_name": "fhm8gq0ml4pgt9q2vr48",
                "disk_id": "fhm8gq0ml4pgt9q2vr48",
                "initialize_params": [
                  {
                    "block_size": 4096,
                    "description": "",
                    "image_id": "fd86n9726b9nc43mr7ru",
                    "kms_key_id": "",
                    "name": "",
                    "size": 10,
                    "snapshot_id": "",
                    "type": "network-hdd"
                  }
                ],
                "mode": "READ_WRITE"
              }
            ],
            "created_at": "2025-11-02T14:18:19Z",
            "description": "",
            "filesystem": [],
            "folder_id": "b1gh19tdmqdb1m0tod0r",
            "fqdn": "bastion.ru-central1.internal",
            "gpu_cluster_id": "",
            "hardware_generation": [
              {
                "generation2_features": [],
                "legacy_features": [
                  {
                    "pci_topology": "PCI_TOPOLOGY_V2"
                  }
                ]
              }
            ],
            "hostname": "bastion",
            "id": "fhm29a7a78mre940lmnf",
            "labels": {},
            "local_disk": [],
            "maintenance_grace_period": "",
            "maintenance_policy": null,
            "metadata": {
              "ssh-keys": "ubuntu:ssh-rsa AAAAB3NzaC1yc2EAAAADAQABAAACAQDGowJMaoq2zAoj1llcaCvGUAnhxrEVNIpkp/Aqq3fNGha7GwcuLwLcwImLWwn72hBxNWAqmUU/O23gWUXApSQAn6fjwuv68eQ7jSOwDUwOqt7DKLcV6r8VaHKWkC4KeSTueG7FH3PAGemXg2OL1U1q2SnjlKkvQYxS0cgNGNBWzwjjQR7qbn+fR0JuatbUKiJuDby6Dfwri2OdQku4K29AzevHDgi0/aAKFZyO9dN4Pof35YGg8uXesehN5fRNNnSlHj7qPhk0GCdFdYHxaOqfZyuxZ0w9dbZ7XncsI5A+Wb7UP31Hvj6FSRzuEJ1jC5ZaFr/buesZB9pF/gUzelTWERIgDL+rkgy5OZ4NqV8ZWSymJoyt9VF/bk3QZD+DG5tRSI+PpBiqQeh6tz4FpNopuzkxqsa4EUXYzwgj4GXFTxjgk9cMeAsf9RPkI/chJL3XnD1sGbs54f4F83bVM+1GvyaUAco/+i54UdMKwUTGbhz4/zH/ijEJRUl0JcnH1SIQR0acwxcv7gCiFEeiKPptQ10LdPwGfUMEYe4xi+ubUiC1tWMYJPqYOKxnqcaLlCnEgfMdinb4OM/JaphaBiL/JMgeHJBL/sX7JRjDMpDCLawIkZtO1hVkmHeTZguzHKELK1tHSrf4iKAzCe1I6i0pgWSPlR/XFkG5PlclFIkXiQ== hatteras@hatteras-VirtualBox\n"
            },
            "metadata_options": [
              {
                "aws_v1_http_endpoint": 1,
                "aws_v1_http_token": 2,
                "gce_http_endpoint": 1,
                "gce_http_token": 1
              }
            ],
            "name": "bastion",
            "network_acceleration_type": "standard",
            "network_interface": [
              {
                "dns_record": [],
                "index": 0,
                "ip_address": "192.168.1.13",
                "ipv4": true,
                "ipv6": false,
                "ipv6_address": "",
                "ipv6_dns_record": [],
                "mac_address": "d0:0d:24:a8:ea:3a",
                "nat": true,
                "nat_dns_record": [],
                "nat_ip_address": "51.250.79.88",
                "nat_ip_version": "IPV4",
                "security_group_ids": [
                  "enphq6rfi71nm4rkukol"
                ],
                "subnet_id": "e9b6cpf3ck5pdl89d653"
              }
            ],
            "placement_policy": [
              {
                "host_affinity_rules": [],
                "placement_group_id": "",
                "placement_group_partition": 0
              }
            ],
            "platform_id": "standard-v3",
            "resources": [
              {
                "core_fraction": 20,
                "cores": 2,
                "gpus": 0,
                "memory": 2
              }
            ],
            "scheduling_policy": [
              {
                "preemptible": true
              }
            ],
            "secondary_disk": [],
            "service_account_id": "",
            "status": "running",
            "timeouts": null,
            "zone": "ru-central1-a"
          },
          "sensitive_attributes": [],
          "identity_schema_version": 0,
          "private": "eyJlMmJmYjczMC1lY2FhLTExZTYtOGY4OC0zNDM2M2JjN2M0YzAiOnsiY3JlYXRlIjozMDAwMDAwMDAwMDAsImRlbGV0ZSI6MzAwMDAwMDAwMDAwLCJ1cGRhdGUiOjMwMDAwMDAwMDAwMH0sInNjaGVtYV92ZXJzaW9uIjoiMSJ9",
          "dependencies": [
            "data.yandex_compute_image.ubuntu",
            "yandex_vpc_network.diploma",
            "yandex_vpc_security_group.bastion",
            "yandex_vpc_subnet.public"
          ]
        }
      ]
    },
    {
      "mode": "managed",
      "type": "yandex_compute_instance",
      "name": "elasticsearch",
      "provider": "provider[\"registry.terraform.io/yandex-cloud/yandex\"]",
      "instances": [
        {
          "schema_version": 1,
          "attributes": {
            "allow_recreate": null,
            "allow_stopping_for_update": true,
            "boot_disk": [
              {
                "auto_delete": true,
                "device_name": "fhm6556t26s1s47p3tb9",
                "disk_id": "fhm6556t26s1s47p3tb9",
                "initialize_params": [
                  {
                    "block_size": 4096,
                    "description": "",
                    "image_id": "fd86n9726b9nc43mr7ru",
                    "kms_key_id": "",
                    "name": "",
                    "size": 10,
                    "snapshot_id": "",
                    "type": "network-hdd"
                  }
                ],
                "mode": "READ_WRITE"
              }
            ],
            "created_at": "2025-11-02T14:18:31Z",
            "description": "",
            "filesystem": [],
            "folder_id": "b1gh19tdmqdb1m0tod0r",
            "fqdn": "elasticsearch.ru-central1.internal",
            "gpu_cluster_id": "",
            "hardware_generation": [
              {
                "generation2_features": [],
                "legacy_features": [
                  {
                    "pci_topology": "PCI_TOPOLOGY_V2"
                  }
                ]
              }
            ],
            "hostname": "elasticsearch",
            "id": "fhmqi5vusickt8f94djp",
            "labels": {},
            "local_disk": [],
            "maintenance_grace_period": "",
            "maintenance_policy": null,
            "metadata": {
              "ssh-keys": "ubuntu:ssh-rsa AAAAB3NzaC1yc2EAAAADAQABAAACAQDGowJMaoq2zAoj1llcaCvGUAnhxrEVNIpkp/Aqq3fNGha7GwcuLwLcwImLWwn72hBxNWAqmUU/O23gWUXApSQAn6fjwuv68eQ7jSOwDUwOqt7DKLcV6r8VaHKWkC4KeSTueG7FH3PAGemXg2OL1U1q2SnjlKkvQYxS0cgNGNBWzwjjQR7qbn+fR0JuatbUKiJuDby6Dfwri2OdQku4K29AzevHDgi0/aAKFZyO9dN4Pof35YGg8uXesehN5fRNNnSlHj7qPhk0GCdFdYHxaOqfZyuxZ0w9dbZ7XncsI5A+Wb7UP31Hvj6FSRzuEJ1jC5ZaFr/buesZB9pF/gUzelTWERIgDL+rkgy5OZ4NqV8ZWSymJoyt9VF/bk3QZD+DG5tRSI+PpBiqQeh6tz4FpNopuzkxqsa4EUXYzwgj4GXFTxjgk9cMeAsf9RPkI/chJL3XnD1sGbs54f4F83bVM+1GvyaUAco/+i54UdMKwUTGbhz4/zH/ijEJRUl0JcnH1SIQR0acwxcv7gCiFEeiKPptQ10LdPwGfUMEYe4xi+ubUiC1tWMYJPqYOKxnqcaLlCnEgfMdinb4OM/JaphaBiL/JMgeHJBL/sX7JRjDMpDCLawIkZtO1hVkmHeTZguzHKELK1tHSrf4iKAzCe1I6i0pgWSPlR/XFkG5PlclFIkXiQ== hatteras@hatteras-VirtualBox\n"
            },
            "metadata_options": [
              {
                "aws_v1_http_endpoint": 1,
                "aws_v1_http_token": 2,
                "gce_http_endpoint": 1,
                "gce_http_token": 1
              }
            ],
            "name": "elasticsearch",
            "network_acceleration_type": "standard",
            "network_interface": [
              {
                "dns_record": [],
                "index": 0,
                "ip_address": "192.168.2.16",
                "ipv4": true,
                "ipv6": false,
                "ipv6_address": "",
                "ipv6_dns_record": [],
                "mac_address": "d0:0d:1a:91:7f:ee",
                "nat": false,
                "nat_dns_record": [],
                "nat_ip_address": "",
                "nat_ip_version": "",
                "security_group_ids": [
                  "enpf7k0mueik0fhf77np"
                ],
                "subnet_id": "e9brdeg504hevuigiv1n"
              }
            ],
            "placement_policy": [
              {
                "host_affinity_rules": [],
                "placement_group_id": "",
                "placement_group_partition": 0
              }
            ],
            "platform_id": "standard-v3",
            "resources": [
              {
                "core_fraction": 20,
                "cores": 2,
                "gpus": 0,
                "memory": 4
              }
            ],
            "scheduling_policy": [
              {
                "preemptible": true
              }
            ],
            "secondary_disk": [],
            "service_account_id": "",
            "status": "running",
            "timeouts": null,
            "zone": "ru-central1-a"
          },
          "sensitive_attributes": [],
          "identity_schema_version": 0,
          "private": "eyJlMmJmYjczMC1lY2FhLTExZTYtOGY4OC0zNDM2M2JjN2M0YzAiOnsiY3JlYXRlIjozMDAwMDAwMDAwMDAsImRlbGV0ZSI6MzAwMDAwMDAwMDAwLCJ1cGRhdGUiOjMwMDAwMDAwMDAwMH0sInNjaGVtYV92ZXJzaW9uIjoiMSJ9",
          "dependencies": [
            "data.yandex_compute_image.ubuntu",
            "yandex_vpc_gateway.nat_gateway",
            "yandex_vpc_network.diploma",
            "yandex_vpc_route_table.nat",
            "yandex_vpc_security_group.bastion",
            "yandex_vpc_security_group.elasticsearch",
            "yandex_vpc_security_group.kibana",
            "yandex_vpc_security_group.web",
            "yandex_vpc_security_group.zabbix",
            "yandex_vpc_subnet.private_a"
          ]
        }
      ]
    },
    {
      "mode": "managed",
      "type": "yandex_compute_instance",
      "name": "kibana",
      "provider": "provider[\"registry.terraform.io/yandex-cloud/yandex\"]",
      "instances": [
        {
          "schema_version": 1,
          "attributes": {
            "allow_recreate": null,
            "allow_stopping_for_update": true,
            "boot_disk": [
              {
                "auto_delete": true,
                "device_name": "fhmqhj76ta673c74n45p",
                "disk_id": "fhmqhj76ta673c74n45p",
                "initialize_params": [
                  {
                    "block_size": 4096,
                    "description": "",
                    "image_id": "fd86n9726b9nc43mr7ru",
                    "kms_key_id": "",
                    "name": "",
                    "size": 10,
                    "snapshot_id": "",
                    "type": "network-hdd"
                  }
                ],
                "mode": "READ_WRITE"
              }
            ],
            "created_at": "2025-11-02T14:18:17Z",
            "description": "",
            "filesystem": [],
            "folder_id": "b1gh19tdmqdb1m0tod0r",
            "fqdn": "kibana.ru-central1.internal",
            "gpu_cluster_id": "",
            "hardware_generation": [
              {
                "generation2_features": [],
                "legacy_features": [
                  {
                    "pci_topology": "PCI_TOPOLOGY_V2"
                  }
                ]
              }
            ],
            "hostname": "kibana",
            "id": "fhmr4n0f5n47a1pqu2j1",
            "labels": {},
            "local_disk": [],
            "maintenance_grace_period": "",
            "maintenance_policy": null,
            "metadata": {
              "ssh-keys": "ubuntu:ssh-rsa AAAAB3NzaC1yc2EAAAADAQABAAACAQDGowJMaoq2zAoj1llcaCvGUAnhxrEVNIpkp/Aqq3fNGha7GwcuLwLcwImLWwn72hBxNWAqmUU/O23gWUXApSQAn6fjwuv68eQ7jSOwDUwOqt7DKLcV6r8VaHKWkC4KeSTueG7FH3PAGemXg2OL1U1q2SnjlKkvQYxS0cgNGNBWzwjjQR7qbn+fR0JuatbUKiJuDby6Dfwri2OdQku4K29AzevHDgi0/aAKFZyO9dN4Pof35YGg8uXesehN5fRNNnSlHj7qPhk0GCdFdYHxaOqfZyuxZ0w9dbZ7XncsI5A+Wb7UP31Hvj6FSRzuEJ1jC5ZaFr/buesZB9pF/gUzelTWERIgDL+rkgy5OZ4NqV8ZWSymJoyt9VF/bk3QZD+DG5tRSI+PpBiqQeh6tz4FpNopuzkxqsa4EUXYzwgj4GXFTxjgk9cMeAsf9RPkI/chJL3XnD1sGbs54f4F83bVM+1GvyaUAco/+i54UdMKwUTGbhz4/zH/ijEJRUl0JcnH1SIQR0acwxcv7gCiFEeiKPptQ10LdPwGfUMEYe4xi+ubUiC1tWMYJPqYOKxnqcaLlCnEgfMdinb4OM/JaphaBiL/JMgeHJBL/sX7JRjDMpDCLawIkZtO1hVkmHeTZguzHKELK1tHSrf4iKAzCe1I6i0pgWSPlR/XFkG5PlclFIkXiQ== hatteras@hatteras-VirtualBox\n"
            },
            "metadata_options": [
              {
                "aws_v1_http_endpoint": 1,
                "aws_v1_http_token": 2,
                "gce_http_endpoint": 1,
                "gce_http_token": 1
              }
            ],
            "name": "kibana",
            "network_acceleration_type": "standard",
            "network_interface": [
              {
                "dns_record": [],
                "index": 0,
                "ip_address": "192.168.1.23",
                "ipv4": true,
                "ipv6": false,
                "ipv6_address": "",
                "ipv6_dns_record": [],
                "mac_address": "d0:0d:1b:25:c0:f2",
                "nat": true,
                "nat_dns_record": [],
                "nat_ip_address": "51.250.67.144",
                "nat_ip_version": "IPV4",
                "security_group_ids": [
                  "enp0appodu165no9q14l"
                ],
                "subnet_id": "e9b6cpf3ck5pdl89d653"
              }
            ],
            "placement_policy": [
              {
                "host_affinity_rules": [],
                "placement_group_id": "",
                "placement_group_partition": 0
              }
            ],
            "platform_id": "standard-v3",
            "resources": [
              {
                "core_fraction": 20,
                "cores": 2,
                "gpus": 0,
                "memory": 2
              }
            ],
            "scheduling_policy": [
              {
                "preemptible": true
              }
            ],
            "secondary_disk": [],
            "service_account_id": "",
            "status": "running",
            "timeouts": null,
            "zone": "ru-central1-a"
          },
          "sensitive_attributes": [],
          "identity_schema_version": 0,
          "private": "eyJlMmJmYjczMC1lY2FhLTExZTYtOGY4OC0zNDM2M2JjN2M0YzAiOnsiY3JlYXRlIjozMDAwMDAwMDAwMDAsImRlbGV0ZSI6MzAwMDAwMDAwMDAwLCJ1cGRhdGUiOjMwMDAwMDAwMDAwMH0sInNjaGVtYV92ZXJzaW9uIjoiMSJ9",
          "dependencies": [
            "data.yandex_compute_image.ubuntu",
            "yandex_vpc_network.diploma",
            "yandex_vpc_security_group.kibana",
            "yandex_vpc_subnet.public"
          ]
        }
      ]
    },
    {
      "mode": "managed",
      "type": "yandex_compute_instance",
      "name": "web",
      "provider": "provider[\"registry.terraform.io/yandex-cloud/yandex\"]",
      "instances": [
        {
          "index_key": "web1",
          "schema_version": 1,
          "attributes": {
            "allow_recreate": null,
            "allow_stopping_for_update": true,
            "boot_disk": [
              {
                "auto_delete": true,
                "device_name": "fhm3rp2a68ea34kfdbad",
                "disk_id": "fhm3rp2a68ea34kfdbad",
                "initialize_params": [
                  {
                    "block_size": 4096,
                    "description": "",
                    "image_id": "fd86n9726b9nc43mr7ru",
                    "kms_key_id": "",
                    "name": "",
                    "size": 10,
                    "snapshot_id": "",
                    "type": "network-hdd"
                  }
                ],
                "mode": "READ_WRITE"
              }
            ],
            "created_at": "2025-11-02T14:18:21Z",
            "description": "",
            "filesystem": [],
            "folder_id": "b1gh19tdmqdb1m0tod0r",
            "fqdn": "web1.ru-central1.internal",
            "gpu_cluster_id": "",
            "hardware_generation": [
              {
                "generation2_features": [],
                "legacy_features": [
                  {
                    "pci_topology": "PCI_TOPOLOGY_V2"
                  }
                ]
              }
            ],
            "hostname": "web1",
            "id": "fhmj69d01suvku6g7umb",
            "labels": {},
            "local_disk": [],
            "maintenance_grace_period": "",
            "maintenance_policy": null,
            "metadata": {
              "ssh-keys": "ubuntu:ssh-rsa AAAAB3NzaC1yc2EAAAADAQABAAACAQDGowJMaoq2zAoj1llcaCvGUAnhxrEVNIpkp/Aqq3fNGha7GwcuLwLcwImLWwn72hBxNWAqmUU/O23gWUXApSQAn6fjwuv68eQ7jSOwDUwOqt7DKLcV6r8VaHKWkC4KeSTueG7FH3PAGemXg2OL1U1q2SnjlKkvQYxS0cgNGNBWzwjjQR7qbn+fR0JuatbUKiJuDby6Dfwri2OdQku4K29AzevHDgi0/aAKFZyO9dN4Pof35YGg8uXesehN5fRNNnSlHj7qPhk0GCdFdYHxaOqfZyuxZ0w9dbZ7XncsI5A+Wb7UP31Hvj6FSRzuEJ1jC5ZaFr/buesZB9pF/gUzelTWERIgDL+rkgy5OZ4NqV8ZWSymJoyt9VF/bk3QZD+DG5tRSI+PpBiqQeh6tz4FpNopuzkxqsa4EUXYzwgj4GXFTxjgk9cMeAsf9RPkI/chJL3XnD1sGbs54f4F83bVM+1GvyaUAco/+i54UdMKwUTGbhz4/zH/ijEJRUl0JcnH1SIQR0acwxcv7gCiFEeiKPptQ10LdPwGfUMEYe4xi+ubUiC1tWMYJPqYOKxnqcaLlCnEgfMdinb4OM/JaphaBiL/JMgeHJBL/sX7JRjDMpDCLawIkZtO1hVkmHeTZguzHKELK1tHSrf4iKAzCe1I6i0pgWSPlR/XFkG5PlclFIkXiQ== hatteras@hatteras-VirtualBox\n"
            },
            "metadata_options": [
              {
                "aws_v1_http_endpoint": 1,
                "aws_v1_http_token": 2,
                "gce_http_endpoint": 1,
                "gce_http_token": 1
              }
            ],
            "name": "web1",
            "network_acceleration_type": "standard",
            "network_interface": [
              {
                "dns_record": [],
                "index": 0,
                "ip_address": "192.168.2.34",
                "ipv4": true,
                "ipv6": false,
                "ipv6_address": "",
                "ipv6_dns_record": [],
                "mac_address": "d0:0d:13:32:5a:00",
                "nat": false,
                "nat_dns_record": [],
                "nat_ip_address": "",
                "nat_ip_version": "",
                "security_group_ids": [
                  "enpue0p6p1ja27sjthev"
                ],
                "subnet_id": "e9brdeg504hevuigiv1n"
              }
            ],
            "placement_policy": [
              {
                "host_affinity_rules": [],
                "placement_group_id": "",
                "placement_group_partition": 0
              }
            ],
            "platform_id": "standard-v3",
            "resources": [
              {
                "core_fraction": 20,
                "cores": 2,
                "gpus": 0,
                "memory": 2
              }
            ],
            "scheduling_policy": [
              {
                "preemptible": true
              }
            ],
            "secondary_disk": [],
            "service_account_id": "",
            "status": "running",
            "timeouts": null,
            "zone": "ru-central1-a"
          },
          "sensitive_attributes": [],
          "identity_schema_version": 0,
          "private": "eyJlMmJmYjczMC1lY2FhLTExZTYtOGY4OC0zNDM2M2JjN2M0YzAiOnsiY3JlYXRlIjozMDAwMDAwMDAwMDAsImRlbGV0ZSI6MzAwMDAwMDAwMDAwLCJ1cGRhdGUiOjMwMDAwMDAwMDAwMH0sInNjaGVtYV92ZXJzaW9uIjoiMSJ9",
          "dependencies": [
            "data.yandex_compute_image.ubuntu",
            "yandex_vpc_gateway.nat_gateway",
            "yandex_vpc_network.diploma",
            "yandex_vpc_route_table.nat",
            "yandex_vpc_security_group.bastion",
            "yandex_vpc_security_group.web",
            "yandex_vpc_security_group.zabbix",
            "yandex_vpc_subnet.private_a",
            "yandex_vpc_subnet.private_b"
          ]
        },
        {
          "index_key": "web2",
          "schema_version": 1,
          "attributes": {
            "allow_recreate": null,
            "allow_stopping_for_update": true,
            "boot_disk": [
              {
                "auto_delete": true,
                "device_name": "epd464qfig3pf5h3soks",
                "disk_id": "epd464qfig3pf5h3soks",
                "initialize_params": [
                  {
                    "block_size": 4096,
                    "description": "",
                    "image_id": "fd86n9726b9nc43mr7ru",
                    "kms_key_id": "",
                    "name": "",
                    "size": 10,
                    "snapshot_id": "",
                    "type": "network-hdd"
                  }
                ],
                "mode": "READ_WRITE"
              }
            ],
            "created_at": "2025-11-02T14:18:21Z",
            "description": "",
            "filesystem": [],
            "folder_id": "b1gh19tdmqdb1m0tod0r",
            "fqdn": "web2.ru-central1.internal",
            "gpu_cluster_id": "",
            "hardware_generation": [
              {
                "generation2_features": [],
                "legacy_features": [
                  {
                    "pci_topology": "PCI_TOPOLOGY_V2"
                  }
                ]
              }
            ],
            "hostname": "web2",
            "id": "epdpt24d08j8fab3dj6a",
            "labels": {},
            "local_disk": [],
            "maintenance_grace_period": "",
            "maintenance_policy": null,
            "metadata": {
              "ssh-keys": "ubuntu:ssh-rsa AAAAB3NzaC1yc2EAAAADAQABAAACAQDGowJMaoq2zAoj1llcaCvGUAnhxrEVNIpkp/Aqq3fNGha7GwcuLwLcwImLWwn72hBxNWAqmUU/O23gWUXApSQAn6fjwuv68eQ7jSOwDUwOqt7DKLcV6r8VaHKWkC4KeSTueG7FH3PAGemXg2OL1U1q2SnjlKkvQYxS0cgNGNBWzwjjQR7qbn+fR0JuatbUKiJuDby6Dfwri2OdQku4K29AzevHDgi0/aAKFZyO9dN4Pof35YGg8uXesehN5fRNNnSlHj7qPhk0GCdFdYHxaOqfZyuxZ0w9dbZ7XncsI5A+Wb7UP31Hvj6FSRzuEJ1jC5ZaFr/buesZB9pF/gUzelTWERIgDL+rkgy5OZ4NqV8ZWSymJoyt9VF/bk3QZD+DG5tRSI+PpBiqQeh6tz4FpNopuzkxqsa4EUXYzwgj4GXFTxjgk9cMeAsf9RPkI/chJL3XnD1sGbs54f4F83bVM+1GvyaUAco/+i54UdMKwUTGbhz4/zH/ijEJRUl0JcnH1SIQR0acwxcv7gCiFEeiKPptQ10LdPwGfUMEYe4xi+ubUiC1tWMYJPqYOKxnqcaLlCnEgfMdinb4OM/JaphaBiL/JMgeHJBL/sX7JRjDMpDCLawIkZtO1hVkmHeTZguzHKELK1tHSrf4iKAzCe1I6i0pgWSPlR/XFkG5PlclFIkXiQ== hatteras@hatteras-VirtualBox\n"
            },
            "metadata_options": [
              {
                "aws_v1_http_endpoint": 1,
                "aws_v1_http_token": 2,
                "gce_http_endpoint": 1,
                "gce_http_token": 1
              }
            ],
            "name": "web2",
            "network_acceleration_type": "standard",
            "network_interface": [
              {
                "dns_record": [],
                "index": 0,
                "ip_address": "192.168.3.25",
                "ipv4": true,
                "ipv6": false,
                "ipv6_address": "",
                "ipv6_dns_record": [],
                "mac_address": "d0:0d:19:e8:88:d0",
                "nat": false,
                "nat_dns_record": [],
                "nat_ip_address": "",
                "nat_ip_version": "",
                "security_group_ids": [
                  "enpue0p6p1ja27sjthev"
                ],
                "subnet_id": "e2lkgg96agtm3l53290a"
              }
            ],
            "placement_policy": [
              {
                "host_affinity_rules": [],
                "placement_group_id": "",
                "placement_group_partition": 0
              }
            ],
            "platform_id": "standard-v3",
            "resources": [
              {
                "core_fraction": 20,
                "cores": 2,
                "gpus": 0,
                "memory": 2
              }
            ],
            "scheduling_policy": [
              {
                "preemptible": true
              }
            ],
            "secondary_disk": [],
            "service_account_id": "",
            "status": "running",
            "timeouts": null,
            "zone": "ru-central1-b"
          },
          "sensitive_attributes": [],
          "identity_schema_version": 0,
          "private": "eyJlMmJmYjczMC1lY2FhLTExZTYtOGY4OC0zNDM2M2JjN2M0YzAiOnsiY3JlYXRlIjozMDAwMDAwMDAwMDAsImRlbGV0ZSI6MzAwMDAwMDAwMDAwLCJ1cGRhdGUiOjMwMDAwMDAwMDAwMH0sInNjaGVtYV92ZXJzaW9uIjoiMSJ9",
          "dependencies": [
            "data.yandex_compute_image.ubuntu",
            "yandex_vpc_gateway.nat_gateway",
            "yandex_vpc_network.diploma",
            "yandex_vpc_route_table.nat",
            "yandex_vpc_security_group.bastion",
            "yandex_vpc_security_group.web",
            "yandex_vpc_security_group.zabbix",
            "yandex_vpc_subnet.private_a",
            "yandex_vpc_subnet.private_b"
          ]
        }
      ]
    },
    {
      "mode": "managed",
      "type": "yandex_compute_instance",
      "name": "zabbix",
      "provider": "provider[\"registry.terraform.io/yandex-cloud/yandex\"]",
      "instances": [
        {
          "schema_version": 1,
          "attributes": {
            "allow_recreate": null,
            "allow_stopping_for_update": true,
            "boot_disk": [
              {
                "auto_delete": true,
                "device_name": "fhmvpa1s7501csohs24b",
                "disk_id": "fhmvpa1s7501csohs24b",
                "initialize_params": [
                  {
                    "block_size": 4096,
                    "description": "",
                    "image_id": "fd86n9726b9nc43mr7ru",
                    "kms_key_id": "",
                    "name": "",
                    "size": 10,
                    "snapshot_id": "",
                    "type": "network-hdd"
                  }
                ],
                "mode": "READ_WRITE"
              }
            ],
            "created_at": "2025-11-02T14:18:18Z",
            "description": "",
            "filesystem": [],
            "folder_id": "b1gh19tdmqdb1m0tod0r",
            "fqdn": "zabbix.ru-central1.internal",
            "gpu_cluster_id": "",
            "hardware_generation": [
              {
                "generation2_features": [],
                "legacy_features": [
                  {
                    "pci_topology": "PCI_TOPOLOGY_V2"
                  }
                ]
              }
            ],
            "hostname": "zabbix",
            "id": "fhm6vtlfb8vf6q7r6tq9",
            "labels": {},
            "local_disk": [],
            "maintenance_grace_period": "",
            "maintenance_policy": null,
            "metadata": {
              "ssh-keys": "ubuntu:ssh-rsa AAAAB3NzaC1yc2EAAAADAQABAAACAQDGowJMaoq2zAoj1llcaCvGUAnhxrEVNIpkp/Aqq3fNGha7GwcuLwLcwImLWwn72hBxNWAqmUU/O23gWUXApSQAn6fjwuv68eQ7jSOwDUwOqt7DKLcV6r8VaHKWkC4KeSTueG7FH3PAGemXg2OL1U1q2SnjlKkvQYxS0cgNGNBWzwjjQR7qbn+fR0JuatbUKiJuDby6Dfwri2OdQku4K29AzevHDgi0/aAKFZyO9dN4Pof35YGg8uXesehN5fRNNnSlHj7qPhk0GCdFdYHxaOqfZyuxZ0w9dbZ7XncsI5A+Wb7UP31Hvj6FSRzuEJ1jC5ZaFr/buesZB9pF/gUzelTWERIgDL+rkgy5OZ4NqV8ZWSymJoyt9VF/bk3QZD+DG5tRSI+PpBiqQeh6tz4FpNopuzkxqsa4EUXYzwgj4GXFTxjgk9cMeAsf9RPkI/chJL3XnD1sGbs54f4F83bVM+1GvyaUAco/+i54UdMKwUTGbhz4/zH/ijEJRUl0JcnH1SIQR0acwxcv7gCiFEeiKPptQ10LdPwGfUMEYe4xi+ubUiC1tWMYJPqYOKxnqcaLlCnEgfMdinb4OM/JaphaBiL/JMgeHJBL/sX7JRjDMpDCLawIkZtO1hVkmHeTZguzHKELK1tHSrf4iKAzCe1I6i0pgWSPlR/XFkG5PlclFIkXiQ== hatteras@hatteras-VirtualBox\n"
            },
            "metadata_options": [
              {
                "aws_v1_http_endpoint": 1,
                "aws_v1_http_token": 2,
                "gce_http_endpoint": 1,
                "gce_http_token": 1
              }
            ],
            "name": "zabbix",
            "network_acceleration_type": "standard",
            "network_interface": [
              {
                "dns_record": [],
                "index": 0,
                "ip_address": "192.168.1.31",
                "ipv4": true,
                "ipv6": false,
                "ipv6_address": "",
                "ipv6_dns_record": [],
                "mac_address": "d0:0d:6f:f6:af:5a",
                "nat": true,
                "nat_dns_record": [],
                "nat_ip_address": "51.250.1.26",
                "nat_ip_version": "IPV4",
                "security_group_ids": [
                  "enpc4sl3bgv496c6car7"
                ],
                "subnet_id": "e9b6cpf3ck5pdl89d653"
              }
            ],
            "placement_policy": [
              {
                "host_affinity_rules": [],
                "placement_group_id": "",
                "placement_group_partition": 0
              }
            ],
            "platform_id": "standard-v3",
            "resources": [
              {
                "core_fraction": 20,
                "cores": 2,
                "gpus": 0,
                "memory": 4
              }
            ],
            "scheduling_policy": [
              {
                "preemptible": true
              }
            ],
            "secondary_disk": [],
            "service_account_id": "",
            "status": "running",
            "timeouts": null,
            "zone": "ru-central1-a"
          },
          "sensitive_attributes": [],
          "identity_schema_version": 0,
          "private": "eyJlMmJmYjczMC1lY2FhLTExZTYtOGY4OC0zNDM2M2JjN2M0YzAiOnsiY3JlYXRlIjozMDAwMDAwMDAwMDAsImRlbGV0ZSI6MzAwMDAwMDAwMDAwLCJ1cGRhdGUiOjMwMDAwMDAwMDAwMH0sInNjaGVtYV92ZXJzaW9uIjoiMSJ9",
          "dependencies": [
            "data.yandex_compute_image.ubuntu",
            "yandex_vpc_network.diploma",
            "yandex_vpc_security_group.zabbix",
            "yandex_vpc_subnet.public"
          ]
        }
      ]
    },
    {
      "mode": "managed",
      "type": "yandex_vpc_gateway",
      "name": "nat_gateway",
      "provider": "provider[\"registry.terraform.io/yandex-cloud/yandex\"]",
      "instances": [
        {
          "schema_version": 0,
          "attributes": {
            "created_at": "2025-11-02T14:18:11Z",
            "description": "",
            "folder_id": "b1gh19tdmqdb1m0tod0r",
            "id": "enpkq1iucq40vj9re29g",
            "labels": {},
            "name": "nat-gateway",
            "shared_egress_gateway": [
              {}
            ],
            "timeouts": null
          },
          "sensitive_attributes": [],
          "identity_schema_version": 0,
          "private": "eyJlMmJmYjczMC1lY2FhLTExZTYtOGY4OC0zNDM2M2JjN2M0YzAiOnsiY3JlYXRlIjo2MDAwMDAwMDAwMCwiZGVsZXRlIjo2MDAwMDAwMDAwMCwidXBkYXRlIjo2MDAwMDAwMDAwMH19"
        }
      ]
    },
    {
      "mode": "managed",
      "type": "yandex_vpc_network",
      "name": "diploma",
      "provider": "provider[\"registry.terraform.io/yandex-cloud/yandex\"]",
      "instances": [
        {
          "schema_version": 0,
          "attributes": {
            "created_at": "2025-11-02T14:18:11Z",
            "default_security_group_id": "enpm91n0lc6m1pku2qb1",
            "description": "",
            "folder_id": "b1gh19tdmqdb1m0tod0r",
            "id": "enpmpi28u0p3mkkj2kmq",
            "labels": {},
            "name": "diploma-vpc",
            "subnet_ids": [
              "e2lkgg96agtm3l53290a",
              "e9b6cpf3ck5pdl89d653",
              "e9brdeg504hevuigiv1n"
            ],
            "timeouts": null
          },
          "sensitive_attributes": [],
          "identity_schema_version": 0,
          "private": "eyJlMmJmYjczMC1lY2FhLTExZTYtOGY4OC0zNDM2M2JjN2M0YzAiOnsiY3JlYXRlIjo2MDAwMDAwMDAwMCwiZGVsZXRlIjo2MDAwMDAwMDAwMCwidXBkYXRlIjo2MDAwMDAwMDAwMH19"
        }
      ]
    },
    {
      "mode": "managed",
      "type": "yandex_vpc_route_table",
      "name": "nat",
      "provider": "provider[\"registry.terraform.io/yandex-cloud/yandex\"]",
      "instances": [
        {
          "schema_version": 0,
          "attributes": {
            "created_at": "2025-11-02T14:18:14Z",
            "description": "",
            "folder_id": "b1gh19tdmqdb1m0tod0r",
            "id": "enplq3tdr4uf3229obnd",
            "labels": {},
            "name": "private-rt",
            "network_id": "enpmpi28u0p3mkkj2kmq",
            "static_route": [
              {
                "destination_prefix": "0.0.0.0/0",
                "gateway_id": "enpkq1iucq40vj9re29g",
                "next_hop_address": ""
              }
            ],
            "timeouts": null
          },
          "sensitive_attributes": [],
          "identity_schema_version": 0,
          "private": "eyJlMmJmYjczMC1lY2FhLTExZTYtOGY4OC0zNDM2M2JjN2M0YzAiOnsiY3JlYXRlIjoxODAwMDAwMDAwMDAsImRlbGV0ZSI6MTgwMDAwMDAwMDAwLCJ1cGRhdGUiOjE4MDAwMDAwMDAwMH19",
          "dependencies": [
            "yandex_vpc_gateway.nat_gateway",
            "yandex_vpc_network.diploma"
          ]
        }
      ]
    },
    {
      "mode": "managed",
      "type": "yandex_vpc_security_group",
      "name": "alb",
      "provider": "provider[\"registry.terraform.io/yandex-cloud/yandex\"]",
      "instances": [
        {
          "schema_version": 0,
          "attributes": {
            "created_at": "2025-11-02T14:18:23Z",
            "description": "",
            "egress": [
              {
                "description": "",
                "from_port": -1,
                "id": "enp3qsqdinl55ijlcur7",
                "labels": {},
                "port": -1,
                "predefined_target": "",
                "protocol": "ANY",
                "security_group_id": "",
                "to_port": -1,
                "v4_cidr_blocks": [
                  "0.0.0.0/0"
                ],
                "v6_cidr_blocks": []
              }
            ],
            "folder_id": "b1gh19tdmqdb1m0tod0r",
            "id": "enp0atlbqi0h57902c42",
            "ingress": [
              {
                "description": "ALB Health Checks",
                "from_port": -1,
                "id": "enpstbjs6j32of9hegf0",
                "labels": {},
                "port": -1,
                "predefined_target": "loadbalancer_healthchecks",
                "protocol": "ANY",
                "security_group_id": "",
                "to_port": -1,
                "v4_cidr_blocks": [],
                "v6_cidr_blocks": []
              },
              {
                "description": "HTTP",
                "from_port": -1,
                "id": "enpn78jebmv7ofibcs2r",
                "labels": {},
                "port": 80,
                "predefined_target": "",
                "protocol": "TCP",
                "security_group_id": "",
                "to_port": -1,
                "v4_cidr_blocks": [
                  "0.0.0.0/0"
                ],
                "v6_cidr_blocks": []
              }
            ],
            "labels": {},
            "name": "alb-sg",
            "network_id": "enpmpi28u0p3mkkj2kmq",
            "status": "ACTIVE",
            "timeouts": null
          },
          "sensitive_attributes": [],
          "identity_schema_version": 0,
          "private": "eyJlMmJmYjczMC1lY2FhLTExZTYtOGY4OC0zNDM2M2JjN2M0YzAiOnsiY3JlYXRlIjoxODAwMDAwMDAwMDAsImRlbGV0ZSI6MTgwMDAwMDAwMDAwLCJ1cGRhdGUiOjE4MDAwMDAwMDAwMH19",
          "dependencies": [
            "yandex_vpc_network.diploma"
          ]
        }
      ]
    },
    {
      "mode": "managed",
      "type": "yandex_vpc_security_group",
      "name": "bastion",
      "provider": "provider[\"registry.terraform.io/yandex-cloud/yandex\"]",
      "instances": [
        {
          "schema_version": 0,
          "attributes": {
            "created_at": "2025-11-02T14:18:19Z",
            "description": "",
            "egress": [
              {
                "description": "All outbound",
                "from_port": -1,
                "id": "enphvt95fgktic8e0clh",
                "labels": {},
                "port": -1,
                "predefined_target": "",
                "protocol": "ANY",
                "security_group_id": "",
                "to_port": -1,
                "v4_cidr_blocks": [
                  "0.0.0.0/0"
                ],
                "v6_cidr_blocks": []
              }
            ],
            "folder_id": "b1gh19tdmqdb1m0tod0r",
            "id": "enphq6rfi71nm4rkukol",
            "ingress": [
              {
                "description": "SSH",
                "from_port": -1,
                "id": "enpffshr00mi8s3girab",
                "labels": {},
                "port": 22,
                "predefined_target": "",
                "protocol": "TCP",
                "security_group_id": "",
                "to_port": -1,
                "v4_cidr_blocks": [
                  "94.140.251.17/32"
                ],
                "v6_cidr_blocks": []
              }
            ],
            "labels": {},
            "name": "bastion-sg",
            "network_id": "enpmpi28u0p3mkkj2kmq",
            "status": "ACTIVE",
            "timeouts": null
          },
          "sensitive_attributes": [
            [
              {
                "type": "get_attr",
                "value": "ingress"
              }
            ]
          ],
          "identity_schema_version": 0,
          "private": "eyJlMmJmYjczMC1lY2FhLTExZTYtOGY4OC0zNDM2M2JjN2M0YzAiOnsiY3JlYXRlIjoxODAwMDAwMDAwMDAsImRlbGV0ZSI6MTgwMDAwMDAwMDAwLCJ1cGRhdGUiOjE4MDAwMDAwMDAwMH19",
          "dependencies": [
            "yandex_vpc_network.diploma"
          ]
        }
      ]
    },
    {
      "mode": "managed",
      "type": "yandex_vpc_security_group",
      "name": "elasticsearch",
      "provider": "provider[\"registry.terraform.io/yandex-cloud/yandex\"]",
      "instances": [
        {
          "schema_version": 0,
          "attributes": {
            "created_at": "2025-11-02T14:18:30Z",
            "description": "",
            "egress": [
              {
                "description": "",
                "from_port": -1,
                "id": "enpritgf4vo8o5n8kvmt",
                "labels": {},
                "port": -1,
                "predefined_target": "",
                "protocol": "ANY",
                "security_group_id": "",
                "to_port": -1,
                "v4_cidr_blocks": [
                  "0.0.0.0/0"
                ],
                "v6_cidr_blocks": []
              }
            ],
            "folder_id": "b1gh19tdmqdb1m0tod0r",
            "id": "enpf7k0mueik0fhf77np",
            "ingress": [
              {
                "description": "From Filebeat",
                "from_port": -1,
                "id": "enpeid187dqqumfclsue",
                "labels": {},
                "port": 9200,
                "predefined_target": "",
                "protocol": "TCP",
                "security_group_id": "enpue0p6p1ja27sjthev",
                "to_port": -1,
                "v4_cidr_blocks": [],
                "v6_cidr_blocks": []
              },
              {
                "description": "From Kibana",
                "from_port": -1,
                "id": "enpd286cp38ol924vk45",
                "labels": {},
                "port": 9200,
                "predefined_target": "",
                "protocol": "TCP",
                "security_group_id": "enp0appodu165no9q14l",
                "to_port": -1,
                "v4_cidr_blocks": [],
                "v6_cidr_blocks": []
              }
            ],
            "labels": {},
            "name": "elasticsearch-sg",
            "network_id": "enpmpi28u0p3mkkj2kmq",
            "status": "ACTIVE",
            "timeouts": null
          },
          "sensitive_attributes": [],
          "identity_schema_version": 0,
          "private": "eyJlMmJmYjczMC1lY2FhLTExZTYtOGY4OC0zNDM2M2JjN2M0YzAiOnsiY3JlYXRlIjoxODAwMDAwMDAwMDAsImRlbGV0ZSI6MTgwMDAwMDAwMDAwLCJ1cGRhdGUiOjE4MDAwMDAwMDAwMH19",
          "dependencies": [
            "yandex_vpc_network.diploma",
            "yandex_vpc_security_group.bastion",
            "yandex_vpc_security_group.kibana",
            "yandex_vpc_security_group.web",
            "yandex_vpc_security_group.zabbix"
          ]
        }
      ]
    },
    {
      "mode": "managed",
      "type": "yandex_vpc_security_group",
      "name": "kibana",
      "provider": "provider[\"registry.terraform.io/yandex-cloud/yandex\"]",
      "instances": [
        {
          "schema_version": 0,
          "attributes": {
            "created_at": "2025-11-02T14:18:15Z",
            "description": "",
            "egress": [
              {
                "description": "",
                "from_port": -1,
                "id": "enpk8ehm2tqniqs2su2h",
                "labels": {},
                "port": -1,
                "predefined_target": "",
                "protocol": "ANY",
                "security_group_id": "",
                "to_port": -1,
                "v4_cidr_blocks": [
                  "0.0.0.0/0"
                ],
                "v6_cidr_blocks": []
              }
            ],
            "folder_id": "b1gh19tdmqdb1m0tod0r",
            "id": "enp0appodu165no9q14l",
            "ingress": [
              {
                "description": "Kibana UI",
                "from_port": -1,
                "id": "enpq50lbt3vu1kbbmu0f",
                "labels": {},
                "port": 5601,
                "predefined_target": "",
                "protocol": "TCP",
                "security_group_id": "",
                "to_port": -1,
                "v4_cidr_blocks": [
                  "0.0.0.0/0"
                ],
                "v6_cidr_blocks": []
              }
            ],
            "labels": {},
            "name": "kibana-sg",
            "network_id": "enpmpi28u0p3mkkj2kmq",
            "status": "ACTIVE",
            "timeouts": null
          },
          "sensitive_attributes": [],
          "identity_schema_version": 0,
          "private": "eyJlMmJmYjczMC1lY2FhLTExZTYtOGY4OC0zNDM2M2JjN2M0YzAiOnsiY3JlYXRlIjoxODAwMDAwMDAwMDAsImRlbGV0ZSI6MTgwMDAwMDAwMDAwLCJ1cGRhdGUiOjE4MDAwMDAwMDAwMH19",
          "dependencies": [
            "yandex_vpc_network.diploma"
          ]
        }
      ]
    },
    {
      "mode": "managed",
      "type": "yandex_vpc_security_group",
      "name": "web",
      "provider": "provider[\"registry.terraform.io/yandex-cloud/yandex\"]",
      "instances": [
        {
          "schema_version": 0,
          "attributes": {
            "created_at": "2025-11-02T14:18:21Z",
            "description": "",
            "egress": [
              {
                "description": "",
                "from_port": -1,
                "id": "enplirl3it50s6jhs533",
                "labels": {},
                "port": -1,
                "predefined_target": "",
                "protocol": "ANY",
                "security_group_id": "",
                "to_port": -1,
                "v4_cidr_blocks": [
                  "0.0.0.0/0"
                ],
                "v6_cidr_blocks": []
              }
            ],
            "folder_id": "b1gh19tdmqdb1m0tod0r",
            "id": "enpue0p6p1ja27sjthev",
            "ingress": [
              {
                "description": "HTTP from ALB",
                "from_port": -1,
                "id": "enpahfstq7qda3a20r9e",
                "labels": {},
                "port": 80,
                "predefined_target": "loadbalancer_healthchecks",
                "protocol": "TCP",
                "security_group_id": "",
                "to_port": -1,
                "v4_cidr_blocks": [],
                "v6_cidr_blocks": []
              },
              {
                "description": "SSH from bastion",
                "from_port": -1,
                "id": "enpmgqlgf64c6hhhd46c",
                "labels": {},
                "port": 22,
                "predefined_target": "",
                "protocol": "TCP",
                "security_group_id": "enphq6rfi71nm4rkukol",
                "to_port": -1,
                "v4_cidr_blocks": [],
                "v6_cidr_blocks": []
              },
              {
                "description": "Zabbix Agent",
                "from_port": -1,
                "id": "enpgsbte73sjtmdfc0oc",
                "labels": {},
                "port": 10050,
                "predefined_target": "",
                "protocol": "TCP",
                "security_group_id": "enpc4sl3bgv496c6car7",
                "to_port": -1,
                "v4_cidr_blocks": [],
                "v6_cidr_blocks": []
              }
            ],
            "labels": {},
            "name": "web-sg",
            "network_id": "enpmpi28u0p3mkkj2kmq",
            "status": "ACTIVE",
            "timeouts": null
          },
          "sensitive_attributes": [],
          "identity_schema_version": 0,
          "private": "eyJlMmJmYjczMC1lY2FhLTExZTYtOGY4OC0zNDM2M2JjN2M0YzAiOnsiY3JlYXRlIjoxODAwMDAwMDAwMDAsImRlbGV0ZSI6MTgwMDAwMDAwMDAwLCJ1cGRhdGUiOjE4MDAwMDAwMDAwMH19",
          "dependencies": [
            "yandex_vpc_network.diploma",
            "yandex_vpc_security_group.bastion",
            "yandex_vpc_security_group.zabbix"
          ]
        }
      ]
    },
    {
      "mode": "managed",
      "type": "yandex_vpc_security_group",
      "name": "zabbix",
      "provider": "provider[\"registry.terraform.io/yandex-cloud/yandex\"]",
      "instances": [
        {
          "schema_version": 0,
          "attributes": {
            "created_at": "2025-11-02T14:18:17Z",
            "description": "",
            "egress": [
              {
                "description": "",
                "from_port": -1,
                "id": "enpo435rspcp0pt0q6rv",
                "labels": {},
                "port": -1,
                "predefined_target": "",
                "protocol": "ANY",
                "security_group_id": "",
                "to_port": -1,
                "v4_cidr_blocks": [
                  "0.0.0.0/0"
                ],
                "v6_cidr_blocks": []
              }
            ],
            "folder_id": "b1gh19tdmqdb1m0tod0r",
            "id": "enpc4sl3bgv496c6car7",
            "ingress": [
              {
                "description": "Web UI",
                "from_port": -1,
                "id": "enpt9al0asu9e6jrelt5",
                "labels": {},
                "port": 80,
                "predefined_target": "",
                "protocol": "TCP",
                "security_group_id": "",
                "to_port": -1,
                "v4_cidr_blocks": [
                  "0.0.0.0/0"
                ],
                "v6_cidr_blocks": []
              },
              {
                "description": "Zabbix Server from agents",
                "from_port": -1,
                "id": "enpon0e75g8v99787kfl",
                "labels": {},
                "port": 10051,
                "predefined_target": "",
                "protocol": "TCP",
                "security_group_id": "",
                "to_port": -1,
                "v4_cidr_blocks": [
                  "192.168.2.0/24",
                  "192.168.3.0/24"
                ],
                "v6_cidr_blocks": []
              }
            ],
            "labels": {},
            "name": "zabbix-sg",
            "network_id": "enpmpi28u0p3mkkj2kmq",
            "status": "ACTIVE",
            "timeouts": null
          },
          "sensitive_attributes": [],
          "identity_schema_version": 0,
          "private": "eyJlMmJmYjczMC1lY2FhLTExZTYtOGY4OC0zNDM2M2JjN2M0YzAiOnsiY3JlYXRlIjoxODAwMDAwMDAwMDAsImRlbGV0ZSI6MTgwMDAwMDAwMDAwLCJ1cGRhdGUiOjE4MDAwMDAwMDAwMH19",
          "dependencies": [
            "yandex_vpc_network.diploma"
          ]
        }
      ]
    },
    {
      "mode": "managed",
      "type": "yandex_vpc_subnet",
      "name": "private_a",
      "provider": "provider[\"registry.terraform.io/yandex-cloud/yandex\"]",
      "instances": [
        {
          "schema_version": 0,
          "attributes": {
            "created_at": "2025-11-02T14:18:15Z",
            "description": "",
            "dhcp_options": [],
            "folder_id": "b1gh19tdmqdb1m0tod0r",
            "id": "e9brdeg504hevuigiv1n",
            "labels": {},
            "name": "private-subnet-a",
            "network_id": "enpmpi28u0p3mkkj2kmq",
            "route_table_id": "enplq3tdr4uf3229obnd",
            "timeouts": null,
            "v4_cidr_blocks": [
              "192.168.2.0/24"
            ],
            "v6_cidr_blocks": [],
            "zone": "ru-central1-a"
          },
          "sensitive_attributes": [],
          "identity_schema_version": 0,
          "private": "eyJlMmJmYjczMC1lY2FhLTExZTYtOGY4OC0zNDM2M2JjN2M0YzAiOnsiY3JlYXRlIjoxODAwMDAwMDAwMDAsImRlbGV0ZSI6MTgwMDAwMDAwMDAwLCJ1cGRhdGUiOjE4MDAwMDAwMDAwMH19",
          "dependencies": [
            "yandex_vpc_gateway.nat_gateway",
            "yandex_vpc_network.diploma",
            "yandex_vpc_route_table.nat"
          ]
        }
      ]
    },
    {
      "mode": "managed",
      "type": "yandex_vpc_subnet",
      "name": "private_b",
      "provider": "provider[\"registry.terraform.io/yandex-cloud/yandex\"]",
      "instances": [
        {
          "schema_version": 0,
          "attributes": {
            "created_at": "2025-11-02T14:18:16Z",
            "description": "",
            "dhcp_options": [],
            "folder_id": "b1gh19tdmqdb1m0tod0r",
            "id": "e2lkgg96agtm3l53290a",
            "labels": {},
            "name": "private-subnet-b",
            "network_id": "enpmpi28u0p3mkkj2kmq",
            "route_table_id": "enplq3tdr4uf3229obnd",
            "timeouts": null,
            "v4_cidr_blocks": [
              "192.168.3.0/24"
            ],
            "v6_cidr_blocks": [],
            "zone": "ru-central1-b"
          },
          "sensitive_attributes": [],
          "identity_schema_version": 0,
          "private": "eyJlMmJmYjczMC1lY2FhLTExZTYtOGY4OC0zNDM2M2JjN2M0YzAiOnsiY3JlYXRlIjoxODAwMDAwMDAwMDAsImRlbGV0ZSI6MTgwMDAwMDAwMDAwLCJ1cGRhdGUiOjE4MDAwMDAwMDAwMH19",
          "dependencies": [
            "yandex_vpc_gateway.nat_gateway",
            "yandex_vpc_network.diploma",
            "yandex_vpc_route_table.nat"
          ]
        }
      ]
    },
    {
      "mode": "managed",
      "type": "yandex_vpc_subnet",
      "name": "public",
      "provider": "provider[\"registry.terraform.io/yandex-cloud/yandex\"]",
      "instances": [
        {
          "schema_version": 0,
          "attributes": {
            "created_at": "2025-11-02T14:18:13Z",
            "description": "",
            "dhcp_options": [],
            "folder_id": "b1gh19tdmqdb1m0tod0r",
            "id": "e9b6cpf3ck5pdl89d653",
            "labels": {},
            "name": "public-subnet",
            "network_id": "enpmpi28u0p3mkkj2kmq",
            "route_table_id": "",
            "timeouts": null,
            "v4_cidr_blocks": [
              "192.168.1.0/24"
            ],
            "v6_cidr_blocks": [],
            "zone": "ru-central1-a"
          },
          "sensitive_attributes": [],
          "identity_schema_version": 0,
          "private": "eyJlMmJmYjczMC1lY2FhLTExZTYtOGY4OC0zNDM2M2JjN2M0YzAiOnsiY3JlYXRlIjoxODAwMDAwMDAwMDAsImRlbGV0ZSI6MTgwMDAwMDAwMDAwLCJ1cGRhdGUiOjE4MDAwMDAwMDAwMH19",
          "dependencies": [
            "yandex_vpc_network.diploma"
          ]
        }
      ]
    }
  ],
  "check_results": null
}
