{
  "version": 4,
  "terraform_version": "1.13.4",
  "serial": 148,
  "lineage": "3d6d813b-9fa6-a77b-5b7e-e6e58ef67cd9",
  "outputs": {
    "alb_ip": {
      "value": "51.250.40.90",
      "type": "string"
    },
    "bastion_ip": {
      "value": "51.250.76.203",
      "type": "string"
    },
    "elasticsearch_ip": {
      "value": "192.168.2.10",
      "type": "string"
    },
    "nat_ip": {
      "value": "84.201.173.104",
      "type": "string"
    },
    "private_subnet_a_id": {
      "value": "e9bc9kqukjo3dr5c4ff7",
      "type": "string"
    },
    "private_subnet_b_id": {
      "value": "e2lukrammm91vnmb3jg8",
      "type": "string"
    },
    "public_subnet_id": {
      "value": "e9bk9nfvrupnd0ts07p6",
      "type": "string"
    },
    "vpc_id": {
      "value": "enp7ehuhtgnh6qshouiq",
      "type": "string"
    },
    "web1_ip": {
      "value": "192.168.2.20",
      "type": "string"
    },
    "web2_ip": {
      "value": "192.168.3.30",
      "type": "string"
    }
  },
  "resources": [
    {
      "mode": "data",
      "type": "yandex_compute_image",
      "name": "ubuntu",
      "provider": "provider[\"registry.terraform.io/yandex-cloud/yandex\"]",
      "instances": [
        {
          "schema_version": 0,
          "attributes": {
            "created_at": "2025-10-20T11:06:40Z",
            "description": "Ubuntu 22.04 lts v20251017030356",
            "family": "ubuntu-2204-lts",
            "folder_id": "standard-images",
            "hardware_generation": [
              {
                "generation2_features": [],
                "legacy_features": [
                  {
                    "pci_topology": "PCI_TOPOLOGY_V2"
                  }
                ]
              }
            ],
            "id": "fd86n9726b9nc43mr7ru",
            "image_id": "fd86n9726b9nc43mr7ru",
            "kms_key_id": null,
            "labels": {
              "version": "20251017030356"
            },
            "min_disk_size": 8,
            "name": "ubuntu-22-04-lts-v20251020",
            "os_type": "linux",
            "pooled": true,
            "product_ids": [
              "f2ebbt74qh13a16i6r4m"
            ],
            "size": 2,
            "status": "ready"
          },
          "sensitive_attributes": [],
          "identity_schema_version": 0
        }
      ]
    },
    {
      "mode": "managed",
      "type": "null_resource",
      "name": "deploy_nginx",
      "provider": "provider[\"registry.terraform.io/hashicorp/null\"]",
      "instances": [
        {
          "schema_version": 0,
          "attributes": {
            "id": "8675736355336915973",
            "triggers": {
              "web1_id": "fhmrj3cb9fuajro16k9m",
              "web2_id": "epdqooaflmmufpvs09cj"
            }
          },
          "sensitive_attributes": [],
          "identity_schema_version": 0,
          "dependencies": [
            "data.yandex_compute_image.ubuntu",
            "yandex_compute_instance.bastion",
            "yandex_compute_instance.nat",
            "yandex_compute_instance.web",
            "yandex_vpc_network.diploma",
            "yandex_vpc_route_table.nat",
            "yandex_vpc_security_group.bastion",
            "yandex_vpc_security_group.web",
            "yandex_vpc_security_group.zabbix",
            "yandex_vpc_subnet.private_a",
            "yandex_vpc_subnet.private_b",
            "yandex_vpc_subnet.public"
          ]
        }
      ]
    },
    {
      "mode": "managed",
      "type": "yandex_alb_backend_group",
      "name": "web",
      "provider": "provider[\"registry.terraform.io/yandex-cloud/yandex\"]",
      "instances": [
        {
          "schema_version": 0,
          "attributes": {
            "created_at": "2025-10-30T17:23:24Z",
            "description": "",
            "folder_id": "b1gh19tdmqdb1m0tod0r",
            "grpc_backend": [],
            "http_backend": [
              {
                "healthcheck": [
                  {
                    "grpc_healthcheck": [],
                    "healthcheck_port": 0,
                    "healthy_threshold": 2,
                    "http_healthcheck": [
                      {
                        "expected_statuses": [],
                        "host": "",
                        "http2": false,
                        "path": "/"
                      }
                    ],
                    "interval": "5s",
                    "interval_jitter_percent": 0,
                    "stream_healthcheck": [],
                    "timeout": "3s",
                    "unhealthy_threshold": 2
                  }
                ],
                "http2": false,
                "load_balancing_config": [],
                "name": "web-backend",
                "port": 80,
                "storage_bucket": "",
                "target_group_ids": [
                  "ds74qe695ir9d9niu8ui"
                ],
                "tls": [],
                "weight": 1
              }
            ],
            "id": "ds7t76j8s3fje8qd280c",
            "labels": {},
            "name": "web-backend-group",
            "session_affinity": [],
            "stream_backend": [],
            "timeouts": null
          },
          "sensitive_attributes": [],
          "identity_schema_version": 0,
          "private": "eyJlMmJmYjczMC1lY2FhLTExZTYtOGY4OC0zNDM2M2JjN2M0YzAiOnsiY3JlYXRlIjozMDAwMDAwMDAwMDAsImRlbGV0ZSI6MzAwMDAwMDAwMDAwLCJ1cGRhdGUiOjMwMDAwMDAwMDAwMH19",
          "dependencies": [
            "data.yandex_compute_image.ubuntu",
            "yandex_alb_target_group.web",
            "yandex_compute_instance.nat",
            "yandex_compute_instance.web",
            "yandex_vpc_network.diploma",
            "yandex_vpc_route_table.nat",
            "yandex_vpc_security_group.bastion",
            "yandex_vpc_security_group.web",
            "yandex_vpc_security_group.zabbix",
            "yandex_vpc_subnet.private_a",
            "yandex_vpc_subnet.private_b",
            "yandex_vpc_subnet.public"
          ]
        }
      ]
    },
    {
      "mode": "managed",
      "type": "yandex_alb_http_router",
      "name": "web",
      "provider": "provider[\"registry.terraform.io/yandex-cloud/yandex\"]",
      "instances": [
        {
          "schema_version": 0,
          "attributes": {
            "created_at": "2025-10-30T17:15:43Z",
            "description": "",
            "folder_id": "b1gh19tdmqdb1m0tod0r",
            "id": "ds7g65j1ls8h39284285",
            "labels": {},
            "name": "web-router",
            "route_options": [],
            "timeouts": null
          },
          "sensitive_attributes": [],
          "identity_schema_version": 0,
          "private": "eyJlMmJmYjczMC1lY2FhLTExZTYtOGY4OC0zNDM2M2JjN2M0YzAiOnsiY3JlYXRlIjozMDAwMDAwMDAwMDAsImRlbGV0ZSI6MzAwMDAwMDAwMDAwLCJ1cGRhdGUiOjMwMDAwMDAwMDAwMH19"
        }
      ]
    },
    {
      "mode": "managed",
      "type": "yandex_alb_load_balancer",
      "name": "web",
      "provider": "provider[\"registry.terraform.io/yandex-cloud/yandex\"]",
      "instances": [
        {
          "schema_version": 0,
          "attributes": {
            "allocation_policy": [
              {
                "location": [
                  {
                    "disable_traffic": false,
                    "subnet_id": "e9bk9nfvrupnd0ts07p6",
                    "zone_id": "ru-central1-a"
                  }
                ]
              }
            ],
            "allow_zonal_shift": false,
            "auto_scale_policy": [],
            "created_at": "2025-10-30T19:02:30Z",
            "description": "",
            "folder_id": "b1gh19tdmqdb1m0tod0r",
            "id": "ds7uch010g5v6gc7dhqc",
            "labels": null,
            "listener": [
              {
                "endpoint": [
                  {
                    "address": [
                      {
                        "external_ipv4_address": [
                          {
                            "address": "51.250.40.90"
                          }
                        ],
                        "external_ipv6_address": [],
                        "internal_ipv4_address": []
                      }
                    ],
                    "ports": [
                      80
                    ]
                  }
                ],
                "http": [
                  {
                    "handler": [
                      {
                        "allow_http10": false,
                        "http2_options": [],
                        "http_router_id": "ds7g65j1ls8h39284285",
                        "rewrite_request_id": false
                      }
                    ],
                    "redirects": []
                  }
                ],
                "name": "http-listener",
                "stream": [],
                "tls": []
              }
            ],
            "log_group_id": "",
            "log_options": [],
            "name": "web-alb",
            "network_id": "enp7ehuhtgnh6qshouiq",
            "region_id": "",
            "security_group_ids": [
              "enpu8vom714os0uglpk9"
            ],
            "status": "active",
            "timeouts": null
          },
          "sensitive_attributes": [],
          "identity_schema_version": 0,
          "private": "eyJlMmJmYjczMC1lY2FhLTExZTYtOGY4OC0zNDM2M2JjN2M0YzAiOnsiY3JlYXRlIjo2MDAwMDAwMDAwMDAsImRlbGV0ZSI6NjAwMDAwMDAwMDAwLCJ1cGRhdGUiOjYwMDAwMDAwMDAwMH19",
          "dependencies": [
            "data.yandex_compute_image.ubuntu",
            "null_resource.deploy_nginx",
            "yandex_alb_http_router.web",
            "yandex_compute_instance.bastion",
            "yandex_compute_instance.nat",
            "yandex_compute_instance.web",
            "yandex_vpc_network.diploma",
            "yandex_vpc_route_table.nat",
            "yandex_vpc_security_group.alb",
            "yandex_vpc_security_group.bastion",
            "yandex_vpc_security_group.web",
            "yandex_vpc_security_group.zabbix",
            "yandex_vpc_subnet.private_a",
            "yandex_vpc_subnet.private_b",
            "yandex_vpc_subnet.public"
          ]
        }
      ]
    },
    {
      "mode": "managed",
      "type": "yandex_alb_target_group",
      "name": "web",
      "provider": "provider[\"registry.terraform.io/yandex-cloud/yandex\"]",
      "instances": [
        {
          "schema_version": 0,
          "attributes": {
            "created_at": "2025-10-30T17:23:24Z",
            "description": "",
            "folder_id": "b1gh19tdmqdb1m0tod0r",
            "id": "ds74qe695ir9d9niu8ui",
            "labels": {},
            "name": "web-target-group",
            "target": [
              {
                "ip_address": "192.168.2.20",
                "private_ipv4_address": false,
                "subnet_id": "e9bc9kqukjo3dr5c4ff7"
              },
              {
                "ip_address": "192.168.3.30",
                "private_ipv4_address": false,
                "subnet_id": "e2lukrammm91vnmb3jg8"
              }
            ],
            "timeouts": null
          },
          "sensitive_attributes": [],
          "identity_schema_version": 0,
          "private": "eyJlMmJmYjczMC1lY2FhLTExZTYtOGY4OC0zNDM2M2JjN2M0YzAiOnsiY3JlYXRlIjozMDAwMDAwMDAwMDAsImRlbGV0ZSI6MzAwMDAwMDAwMDAwLCJ1cGRhdGUiOjMwMDAwMDAwMDAwMH19",
          "dependencies": [
            "data.yandex_compute_image.ubuntu",
            "yandex_compute_instance.nat",
            "yandex_compute_instance.web",
            "yandex_vpc_network.diploma",
            "yandex_vpc_route_table.nat",
            "yandex_vpc_security_group.bastion",
            "yandex_vpc_security_group.web",
            "yandex_vpc_security_group.zabbix",
            "yandex_vpc_subnet.private_a",
            "yandex_vpc_subnet.private_b",
            "yandex_vpc_subnet.public"
          ]
        }
      ]
    },
    {
      "mode": "managed",
      "type": "yandex_alb_virtual_host",
      "name": "web",
      "provider": "provider[\"registry.terraform.io/yandex-cloud/yandex\"]",
      "instances": [
        {
          "schema_version": 0,
          "attributes": {
            "authority": [],
            "http_router_id": "ds7g65j1ls8h39284285",
            "id": "ds7g65j1ls8h39284285/web-virtual-host",
            "modify_request_headers": [],
            "modify_response_headers": [],
            "name": "web-virtual-host",
            "rate_limit": [],
            "route": [
              {
                "disable_security_profile": false,
                "grpc_route": [],
                "http_route": [
                  {
                    "direct_response_action": [],
                    "http_match": [],
                    "http_route_action": [
                      {
                        "auto_host_rewrite": false,
                        "backend_group_id": "ds7t76j8s3fje8qd280c",
                        "host_rewrite": "",
                        "idle_timeout": "",
                        "prefix_rewrite": "",
                        "rate_limit": [],
                        "regex_rewrite": [],
                        "timeout": "1m0s",
                        "upgrade_types": []
                      }
                    ],
                    "redirect_action": []
                  }
                ],
                "name": "root",
                "route_options": []
              }
            ],
            "route_options": [],
            "timeouts": null
          },
          "sensitive_attributes": [],
          "identity_schema_version": 0,
          "private": "eyJlMmJmYjczMC1lY2FhLTExZTYtOGY4OC0zNDM2M2JjN2M0YzAiOnsiY3JlYXRlIjozMDAwMDAwMDAwMDAsImRlbGV0ZSI6MzAwMDAwMDAwMDAwLCJ1cGRhdGUiOjMwMDAwMDAwMDAwMH19",
          "dependencies": [
            "data.yandex_compute_image.ubuntu",
            "yandex_alb_backend_group.web",
            "yandex_alb_http_router.web",
            "yandex_alb_target_group.web",
            "yandex_compute_instance.nat",
            "yandex_compute_instance.web",
            "yandex_vpc_network.diploma",
            "yandex_vpc_route_table.nat",
            "yandex_vpc_security_group.bastion",
            "yandex_vpc_security_group.web",
            "yandex_vpc_security_group.zabbix",
            "yandex_vpc_subnet.private_a",
            "yandex_vpc_subnet.private_b",
            "yandex_vpc_subnet.public"
          ]
        }
      ]
    },
    {
      "mode": "managed",
      "type": "yandex_compute_instance",
      "name": "bastion",
      "provider": "provider[\"registry.terraform.io/yandex-cloud/yandex\"]",
      "instances": [
        {
          "schema_version": 1,
          "attributes": {
            "allow_recreate": null,
            "allow_stopping_for_update": true,
            "boot_disk": [
              {
                "auto_delete": true,
                "device_name": "fhmdqnf3rjdvdc74g52g",
                "disk_id": "fhmdqnf3rjdvdc74g52g",
                "initialize_params": [
                  {
                    "block_size": 4096,
                    "description": "",
                    "image_id": "fd86n9726b9nc43mr7ru",
                    "kms_key_id": "",
                    "name": "",
                    "size": 10,
                    "snapshot_id": "",
                    "type": "network-hdd"
                  }
                ],
                "mode": "READ_WRITE"
              }
            ],
            "created_at": "2025-10-30T17:15:48Z",
            "description": "",
            "filesystem": [],
            "folder_id": "b1gh19tdmqdb1m0tod0r",
            "fqdn": "bastion.ru-central1.internal",
            "gpu_cluster_id": "",
            "hardware_generation": [
              {
                "generation2_features": [],
                "legacy_features": [
                  {
                    "pci_topology": "PCI_TOPOLOGY_V2"
                  }
                ]
              }
            ],
            "hostname": "bastion",
            "id": "fhmm0ibhfqhjbgbh17kd",
            "labels": {},
            "local_disk": [],
            "maintenance_grace_period": "",
            "maintenance_policy": null,
            "metadata": {
              "ssh-keys": "ubuntu:ssh-rsa AAAAB3NzaC1yc2EAAAADAQABAAACAQDGowJMaoq2zAoj1llcaCvGUAnhxrEVNIpkp/Aqq3fNGha7GwcuLwLcwImLWwn72hBxNWAqmUU/O23gWUXApSQAn6fjwuv68eQ7jSOwDUwOqt7DKLcV6r8VaHKWkC4KeSTueG7FH3PAGemXg2OL1U1q2SnjlKkvQYxS0cgNGNBWzwjjQR7qbn+fR0JuatbUKiJuDby6Dfwri2OdQku4K29AzevHDgi0/aAKFZyO9dN4Pof35YGg8uXesehN5fRNNnSlHj7qPhk0GCdFdYHxaOqfZyuxZ0w9dbZ7XncsI5A+Wb7UP31Hvj6FSRzuEJ1jC5ZaFr/buesZB9pF/gUzelTWERIgDL+rkgy5OZ4NqV8ZWSymJoyt9VF/bk3QZD+DG5tRSI+PpBiqQeh6tz4FpNopuzkxqsa4EUXYzwgj4GXFTxjgk9cMeAsf9RPkI/chJL3XnD1sGbs54f4F83bVM+1GvyaUAco/+i54UdMKwUTGbhz4/zH/ijEJRUl0JcnH1SIQR0acwxcv7gCiFEeiKPptQ10LdPwGfUMEYe4xi+ubUiC1tWMYJPqYOKxnqcaLlCnEgfMdinb4OM/JaphaBiL/JMgeHJBL/sX7JRjDMpDCLawIkZtO1hVkmHeTZguzHKELK1tHSrf4iKAzCe1I6i0pgWSPlR/XFkG5PlclFIkXiQ== hatteras@hatteras-VirtualBox\n"
            },
            "metadata_options": [
              {
                "aws_v1_http_endpoint": 1,
                "aws_v1_http_token": 2,
                "gce_http_endpoint": 1,
                "gce_http_token": 1
              }
            ],
            "name": "bastion",
            "network_acceleration_type": "standard",
            "network_interface": [
              {
                "dns_record": [],
                "index": 0,
                "ip_address": "192.168.1.30",
                "ipv4": true,
                "ipv6": false,
                "ipv6_address": "",
                "ipv6_dns_record": [],
                "mac_address": "d0:0d:16:04:97:17",
                "nat": true,
                "nat_dns_record": [],
                "nat_ip_address": "51.250.76.203",
                "nat_ip_version": "IPV4",
                "security_group_ids": [
                  "enpdmbsukvj3ca43hkqu"
                ],
                "subnet_id": "e9bk9nfvrupnd0ts07p6"
              }
            ],
            "placement_policy": [
              {
                "host_affinity_rules": [],
                "placement_group_id": "",
                "placement_group_partition": 0
              }
            ],
            "platform_id": "standard-v3",
            "resources": [
              {
                "core_fraction": 20,
                "cores": 2,
                "gpus": 0,
                "memory": 2
              }
            ],
            "scheduling_policy": [
              {
                "preemptible": true
              }
            ],
            "secondary_disk": [],
            "service_account_id": "",
            "status": "running",
            "timeouts": null,
            "zone": "ru-central1-a"
          },
          "sensitive_attributes": [],
          "identity_schema_version": 0,
          "private": "eyJlMmJmYjczMC1lY2FhLTExZTYtOGY4OC0zNDM2M2JjN2M0YzAiOnsiY3JlYXRlIjozMDAwMDAwMDAwMDAsImRlbGV0ZSI6MzAwMDAwMDAwMDAwLCJ1cGRhdGUiOjMwMDAwMDAwMDAwMH0sInNjaGVtYV92ZXJzaW9uIjoiMSJ9",
          "dependencies": [
            "data.yandex_compute_image.ubuntu",
            "yandex_vpc_network.diploma",
            "yandex_vpc_security_group.bastion",
            "yandex_vpc_subnet.public"
          ]
        }
      ]
    },
    {
      "mode": "managed",
      "type": "yandex_compute_instance",
      "name": "elasticsearch",
      "provider": "provider[\"registry.terraform.io/yandex-cloud/yandex\"]",
      "instances": [
        {
          "schema_version": 1,
          "attributes": {
            "allow_recreate": null,
            "allow_stopping_for_update": true,
            "boot_disk": [
              {
                "auto_delete": true,
                "device_name": "fhmdh6mld3ddtismb71v",
                "disk_id": "fhmdh6mld3ddtismb71v",
                "initialize_params": [
                  {
                    "block_size": 4096,
                    "description": "",
                    "image_id": "fd86n9726b9nc43mr7ru",
                    "kms_key_id": "",
                    "name": "",
                    "size": 10,
                    "snapshot_id": "",
                    "type": "network-hdd"
                  }
                ],
                "mode": "READ_WRITE"
              }
            ],
            "created_at": "2025-10-30T17:19:41Z",
            "description": "",
            "filesystem": [],
            "folder_id": "b1gh19tdmqdb1m0tod0r",
            "fqdn": "elasticsearch.ru-central1.internal",
            "gpu_cluster_id": "",
            "hardware_generation": [
              {
                "generation2_features": [],
                "legacy_features": [
                  {
                    "pci_topology": "PCI_TOPOLOGY_V2"
                  }
                ]
              }
            ],
            "hostname": "elasticsearch",
            "id": "fhm5md4ooede22gllgl5",
            "labels": {},
            "local_disk": [],
            "maintenance_grace_period": "",
            "maintenance_policy": null,
            "metadata": {
              "ssh-keys": "ubuntu:ssh-rsa AAAAB3NzaC1yc2EAAAADAQABAAACAQDGowJMaoq2zAoj1llcaCvGUAnhxrEVNIpkp/Aqq3fNGha7GwcuLwLcwImLWwn72hBxNWAqmUU/O23gWUXApSQAn6fjwuv68eQ7jSOwDUwOqt7DKLcV6r8VaHKWkC4KeSTueG7FH3PAGemXg2OL1U1q2SnjlKkvQYxS0cgNGNBWzwjjQR7qbn+fR0JuatbUKiJuDby6Dfwri2OdQku4K29AzevHDgi0/aAKFZyO9dN4Pof35YGg8uXesehN5fRNNnSlHj7qPhk0GCdFdYHxaOqfZyuxZ0w9dbZ7XncsI5A+Wb7UP31Hvj6FSRzuEJ1jC5ZaFr/buesZB9pF/gUzelTWERIgDL+rkgy5OZ4NqV8ZWSymJoyt9VF/bk3QZD+DG5tRSI+PpBiqQeh6tz4FpNopuzkxqsa4EUXYzwgj4GXFTxjgk9cMeAsf9RPkI/chJL3XnD1sGbs54f4F83bVM+1GvyaUAco/+i54UdMKwUTGbhz4/zH/ijEJRUl0JcnH1SIQR0acwxcv7gCiFEeiKPptQ10LdPwGfUMEYe4xi+ubUiC1tWMYJPqYOKxnqcaLlCnEgfMdinb4OM/JaphaBiL/JMgeHJBL/sX7JRjDMpDCLawIkZtO1hVkmHeTZguzHKELK1tHSrf4iKAzCe1I6i0pgWSPlR/XFkG5PlclFIkXiQ== hatteras@hatteras-VirtualBox\n"
            },
            "metadata_options": [
              {
                "aws_v1_http_endpoint": 1,
                "aws_v1_http_token": 2,
                "gce_http_endpoint": 1,
                "gce_http_token": 1
              }
            ],
            "name": "elasticsearch",
            "network_acceleration_type": "standard",
            "network_interface": [
              {
                "dns_record": [],
                "index": 0,
                "ip_address": "192.168.2.10",
                "ipv4": true,
                "ipv6": false,
                "ipv6_address": "",
                "ipv6_dns_record": [],
                "mac_address": "d0:0d:5b:34:98:c3",
                "nat": false,
                "nat_dns_record": [],
                "nat_ip_address": "",
                "nat_ip_version": "",
                "security_group_ids": [
                  "enpm7ntmf340q3bkl6eb"
                ],
                "subnet_id": "e9bc9kqukjo3dr5c4ff7"
              }
            ],
            "placement_policy": [
              {
                "host_affinity_rules": [],
                "placement_group_id": "",
                "placement_group_partition": 0
              }
            ],
            "platform_id": "standard-v3",
            "resources": [
              {
                "core_fraction": 20,
                "cores": 2,
                "gpus": 0,
                "memory": 4
              }
            ],
            "scheduling_policy": [
              {
                "preemptible": true
              }
            ],
            "secondary_disk": [],
            "service_account_id": "",
            "status": "running",
            "timeouts": null,
            "zone": "ru-central1-a"
          },
          "sensitive_attributes": [],
          "identity_schema_version": 0,
          "private": "eyJlMmJmYjczMC1lY2FhLTExZTYtOGY4OC0zNDM2M2JjN2M0YzAiOnsiY3JlYXRlIjozMDAwMDAwMDAwMDAsImRlbGV0ZSI6MzAwMDAwMDAwMDAwLCJ1cGRhdGUiOjMwMDAwMDAwMDAwMH0sInNjaGVtYV92ZXJzaW9uIjoiMSJ9",
          "dependencies": [
            "data.yandex_compute_image.ubuntu",
            "yandex_compute_instance.nat",
            "yandex_vpc_network.diploma",
            "yandex_vpc_route_table.nat",
            "yandex_vpc_security_group.bastion",
            "yandex_vpc_security_group.elasticsearch",
            "yandex_vpc_security_group.kibana",
            "yandex_vpc_security_group.web",
            "yandex_vpc_security_group.zabbix",
            "yandex_vpc_subnet.private_a",
            "yandex_vpc_subnet.public"
          ]
        }
      ]
    },
    {
      "mode": "managed",
      "type": "yandex_compute_instance",
      "name": "kibana",
      "provider": "provider[\"registry.terraform.io/yandex-cloud/yandex\"]",
      "instances": [
        {
          "schema_version": 1,
          "attributes": {
            "allow_recreate": null,
            "allow_stopping_for_update": true,
            "boot_disk": [
              {
                "auto_delete": true,
                "device_name": "fhm3jker0fqs0t37h0f2",
                "disk_id": "fhm3jker0fqs0t37h0f2",
                "initialize_params": [
                  {
                    "block_size": 4096,
                    "description": "",
                    "image_id": "fd86n9726b9nc43mr7ru",
                    "kms_key_id": "",
                    "name": "",
                    "size": 10,
                    "snapshot_id": "",
                    "type": "network-hdd"
                  }
                ],
                "mode": "READ_WRITE"
              }
            ],
            "created_at": "2025-10-30T17:15:53Z",
            "description": "",
            "filesystem": [],
            "folder_id": "b1gh19tdmqdb1m0tod0r",
            "fqdn": "kibana.ru-central1.internal",
            "gpu_cluster_id": "",
            "hardware_generation": [
              {
                "generation2_features": [],
                "legacy_features": [
                  {
                    "pci_topology": "PCI_TOPOLOGY_V2"
                  }
                ]
              }
            ],
            "hostname": "kibana",
            "id": "fhmam2jg6dvepftlce2n",
            "labels": {},
            "local_disk": [],
            "maintenance_grace_period": "",
            "maintenance_policy": null,
            "metadata": {
              "ssh-keys": "ubuntu:ssh-rsa AAAAB3NzaC1yc2EAAAADAQABAAACAQDGowJMaoq2zAoj1llcaCvGUAnhxrEVNIpkp/Aqq3fNGha7GwcuLwLcwImLWwn72hBxNWAqmUU/O23gWUXApSQAn6fjwuv68eQ7jSOwDUwOqt7DKLcV6r8VaHKWkC4KeSTueG7FH3PAGemXg2OL1U1q2SnjlKkvQYxS0cgNGNBWzwjjQR7qbn+fR0JuatbUKiJuDby6Dfwri2OdQku4K29AzevHDgi0/aAKFZyO9dN4Pof35YGg8uXesehN5fRNNnSlHj7qPhk0GCdFdYHxaOqfZyuxZ0w9dbZ7XncsI5A+Wb7UP31Hvj6FSRzuEJ1jC5ZaFr/buesZB9pF/gUzelTWERIgDL+rkgy5OZ4NqV8ZWSymJoyt9VF/bk3QZD+DG5tRSI+PpBiqQeh6tz4FpNopuzkxqsa4EUXYzwgj4GXFTxjgk9cMeAsf9RPkI/chJL3XnD1sGbs54f4F83bVM+1GvyaUAco/+i54UdMKwUTGbhz4/zH/ijEJRUl0JcnH1SIQR0acwxcv7gCiFEeiKPptQ10LdPwGfUMEYe4xi+ubUiC1tWMYJPqYOKxnqcaLlCnEgfMdinb4OM/JaphaBiL/JMgeHJBL/sX7JRjDMpDCLawIkZtO1hVkmHeTZguzHKELK1tHSrf4iKAzCe1I6i0pgWSPlR/XFkG5PlclFIkXiQ== hatteras@hatteras-VirtualBox\n"
            },
            "metadata_options": [
              {
                "aws_v1_http_endpoint": 1,
                "aws_v1_http_token": 2,
                "gce_http_endpoint": 1,
                "gce_http_token": 1
              }
            ],
            "name": "kibana",
            "network_acceleration_type": "standard",
            "network_interface": [
              {
                "dns_record": [],
                "index": 0,
                "ip_address": "192.168.1.6",
                "ipv4": true,
                "ipv6": false,
                "ipv6_address": "",
                "ipv6_dns_record": [],
                "mac_address": "d0:0d:ab:0a:70:33",
                "nat": true,
                "nat_dns_record": [],
                "nat_ip_address": "51.250.8.177",
                "nat_ip_version": "IPV4",
                "security_group_ids": [
                  "enpqu8co2staoarmhrd3"
                ],
                "subnet_id": "e9bk9nfvrupnd0ts07p6"
              }
            ],
            "placement_policy": [
              {
                "host_affinity_rules": [],
                "placement_group_id": "",
                "placement_group_partition": 0
              }
            ],
            "platform_id": "standard-v3",
            "resources": [
              {
                "core_fraction": 20,
                "cores": 2,
                "gpus": 0,
                "memory": 2
              }
            ],
            "scheduling_policy": [
              {
                "preemptible": true
              }
            ],
            "secondary_disk": [],
            "service_account_id": "",
            "status": "running",
            "timeouts": null,
            "zone": "ru-central1-a"
          },
          "sensitive_attributes": [],
          "identity_schema_version": 0,
          "private": "eyJlMmJmYjczMC1lY2FhLTExZTYtOGY4OC0zNDM2M2JjN2M0YzAiOnsiY3JlYXRlIjozMDAwMDAwMDAwMDAsImRlbGV0ZSI6MzAwMDAwMDAwMDAwLCJ1cGRhdGUiOjMwMDAwMDAwMDAwMH0sInNjaGVtYV92ZXJzaW9uIjoiMSJ9",
          "dependencies": [
            "data.yandex_compute_image.ubuntu",
            "yandex_vpc_network.diploma",
            "yandex_vpc_security_group.kibana",
            "yandex_vpc_subnet.public"
          ]
        }
      ]
    },
    {
      "mode": "managed",
      "type": "yandex_compute_instance",
      "name": "nat",
      "provider": "provider[\"registry.terraform.io/yandex-cloud/yandex\"]",
      "instances": [
        {
          "schema_version": 1,
          "attributes": {
            "allow_recreate": null,
            "allow_stopping_for_update": null,
            "boot_disk": [
              {
                "auto_delete": true,
                "device_name": "fhmupa3dr6db0n6oehnk",
                "disk_id": "fhmupa3dr6db0n6oehnk",
                "initialize_params": [
                  {
                    "block_size": 4096,
                    "description": "",
                    "image_id": "fd851hdolfjh210g3c17",
                    "kms_key_id": "",
                    "name": "",
                    "size": 10,
                    "snapshot_id": "",
                    "type": "network-hdd"
                  }
                ],
                "mode": "READ_WRITE"
              }
            ],
            "created_at": "2025-10-30T17:15:47Z",
            "description": "",
            "filesystem": [],
            "folder_id": "b1gh19tdmqdb1m0tod0r",
            "fqdn": "fhmfthmj28q4ev46l8bm.auto.internal",
            "gpu_cluster_id": "",
            "hardware_generation": [
              {
                "generation2_features": [],
                "legacy_features": [
                  {
                    "pci_topology": "PCI_TOPOLOGY_V1"
                  }
                ]
              }
            ],
            "hostname": "",
            "id": "fhmfthmj28q4ev46l8bm",
            "labels": {},
            "local_disk": [],
            "maintenance_grace_period": "",
            "maintenance_policy": null,
            "metadata": {
              "user-data": "network:\n  version: 2\n  ethernets:\n    eth0:\n      dhcp4: true\n      dhcp4-overrides:\n        use-dns: false\nruncmd:\n  - sysctl -w net.ipv4.ip_forward=1\n  - iptables -t nat -A POSTROUTING -o eth0 -j MASQUERADE\n  - echo \"net.ipv4.ip_forward = 1\" \u003e\u003e /etc/sysctl.conf"
            },
            "metadata_options": [
              {
                "aws_v1_http_endpoint": 1,
                "aws_v1_http_token": 2,
                "gce_http_endpoint": 1,
                "gce_http_token": 1
              }
            ],
            "name": "nat-gateway",
            "network_acceleration_type": "standard",
            "network_interface": [
              {
                "dns_record": [],
                "index": 0,
                "ip_address": "192.168.1.5",
                "ipv4": true,
                "ipv6": false,
                "ipv6_address": "",
                "ipv6_dns_record": [],
                "mac_address": "d0:0d:fe:c6:d3:12",
                "nat": true,
                "nat_dns_record": [],
                "nat_ip_address": "84.201.173.104",
                "nat_ip_version": "IPV4",
                "security_group_ids": [],
                "subnet_id": "e9bk9nfvrupnd0ts07p6"
              }
            ],
            "placement_policy": [
              {
                "host_affinity_rules": [],
                "placement_group_id": "",
                "placement_group_partition": 0
              }
            ],
            "platform_id": "standard-v3",
            "resources": [
              {
                "core_fraction": 20,
                "cores": 2,
                "gpus": 0,
                "memory": 2
              }
            ],
            "scheduling_policy": [
              {
                "preemptible": true
              }
            ],
            "secondary_disk": [],
            "service_account_id": "",
            "status": "running",
            "timeouts": null,
            "zone": "ru-central1-a"
          },
          "sensitive_attributes": [],
          "identity_schema_version": 0,
          "private": "eyJlMmJmYjczMC1lY2FhLTExZTYtOGY4OC0zNDM2M2JjN2M0YzAiOnsiY3JlYXRlIjozMDAwMDAwMDAwMDAsImRlbGV0ZSI6MzAwMDAwMDAwMDAwLCJ1cGRhdGUiOjMwMDAwMDAwMDAwMH0sInNjaGVtYV92ZXJzaW9uIjoiMSJ9",
          "dependencies": [
            "yandex_vpc_network.diploma",
            "yandex_vpc_subnet.public"
          ]
        }
      ]
    },
    {
      "mode": "managed",
      "type": "yandex_compute_instance",
      "name": "web",
      "provider": "provider[\"registry.terraform.io/yandex-cloud/yandex\"]",
      "instances": [
        {
          "index_key": "web1",
          "schema_version": 1,
          "attributes": {
            "allow_recreate": null,
            "allow_stopping_for_update": true,
            "boot_disk": [
              {
                "auto_delete": true,
                "device_name": "fhmknnmv1son9ig8rnev",
                "disk_id": "fhmknnmv1son9ig8rnev",
                "initialize_params": [
                  {
                    "block_size": 4096,
                    "description": "",
                    "image_id": "fd86n9726b9nc43mr7ru",
                    "kms_key_id": "",
                    "name": "",
                    "size": 10,
                    "snapshot_id": "",
                    "type": "network-hdd"
                  }
                ],
                "mode": "READ_WRITE"
              }
            ],
            "created_at": "2025-10-30T17:19:41Z",
            "description": "",
            "filesystem": [],
            "folder_id": "b1gh19tdmqdb1m0tod0r",
            "fqdn": "web1.ru-central1.internal",
            "gpu_cluster_id": "",
            "hardware_generation": [
              {
                "generation2_features": [],
                "legacy_features": [
                  {
                    "pci_topology": "PCI_TOPOLOGY_V2"
                  }
                ]
              }
            ],
            "hostname": "web1",
            "id": "fhmrj3cb9fuajro16k9m",
            "labels": {},
            "local_disk": [],
            "maintenance_grace_period": "",
            "maintenance_policy": null,
            "metadata": {
              "ssh-keys": "ubuntu:ssh-rsa AAAAB3NzaC1yc2EAAAADAQABAAACAQDGowJMaoq2zAoj1llcaCvGUAnhxrEVNIpkp/Aqq3fNGha7GwcuLwLcwImLWwn72hBxNWAqmUU/O23gWUXApSQAn6fjwuv68eQ7jSOwDUwOqt7DKLcV6r8VaHKWkC4KeSTueG7FH3PAGemXg2OL1U1q2SnjlKkvQYxS0cgNGNBWzwjjQR7qbn+fR0JuatbUKiJuDby6Dfwri2OdQku4K29AzevHDgi0/aAKFZyO9dN4Pof35YGg8uXesehN5fRNNnSlHj7qPhk0GCdFdYHxaOqfZyuxZ0w9dbZ7XncsI5A+Wb7UP31Hvj6FSRzuEJ1jC5ZaFr/buesZB9pF/gUzelTWERIgDL+rkgy5OZ4NqV8ZWSymJoyt9VF/bk3QZD+DG5tRSI+PpBiqQeh6tz4FpNopuzkxqsa4EUXYzwgj4GXFTxjgk9cMeAsf9RPkI/chJL3XnD1sGbs54f4F83bVM+1GvyaUAco/+i54UdMKwUTGbhz4/zH/ijEJRUl0JcnH1SIQR0acwxcv7gCiFEeiKPptQ10LdPwGfUMEYe4xi+ubUiC1tWMYJPqYOKxnqcaLlCnEgfMdinb4OM/JaphaBiL/JMgeHJBL/sX7JRjDMpDCLawIkZtO1hVkmHeTZguzHKELK1tHSrf4iKAzCe1I6i0pgWSPlR/XFkG5PlclFIkXiQ== hatteras@hatteras-VirtualBox\n"
            },
            "metadata_options": [
              {
                "aws_v1_http_endpoint": 1,
                "aws_v1_http_token": 2,
                "gce_http_endpoint": 1,
                "gce_http_token": 1
              }
            ],
            "name": "web1",
            "network_acceleration_type": "standard",
            "network_interface": [
              {
                "dns_record": [],
                "index": 0,
                "ip_address": "192.168.2.20",
                "ipv4": true,
                "ipv6": false,
                "ipv6_address": "",
                "ipv6_dns_record": [],
                "mac_address": "d0:0d:1b:98:d8:b4",
                "nat": false,
                "nat_dns_record": [],
                "nat_ip_address": "",
                "nat_ip_version": "",
                "security_group_ids": [
                  "enpdr9rs8vmm6ahttll1"
                ],
                "subnet_id": "e9bc9kqukjo3dr5c4ff7"
              }
            ],
            "placement_policy": [
              {
                "host_affinity_rules": [],
                "placement_group_id": "",
                "placement_group_partition": 0
              }
            ],
            "platform_id": "standard-v3",
            "resources": [
              {
                "core_fraction": 20,
                "cores": 2,
                "gpus": 0,
                "memory": 2
              }
            ],
            "scheduling_policy": [
              {
                "preemptible": true
              }
            ],
            "secondary_disk": [],
            "service_account_id": "",
            "status": "running",
            "timeouts": null,
            "zone": "ru-central1-a"
          },
          "sensitive_attributes": [],
          "identity_schema_version": 0,
          "private": "eyJlMmJmYjczMC1lY2FhLTExZTYtOGY4OC0zNDM2M2JjN2M0YzAiOnsiY3JlYXRlIjozMDAwMDAwMDAwMDAsImRlbGV0ZSI6MzAwMDAwMDAwMDAwLCJ1cGRhdGUiOjMwMDAwMDAwMDAwMH0sInNjaGVtYV92ZXJzaW9uIjoiMSJ9",
          "dependencies": [
            "data.yandex_compute_image.ubuntu",
            "yandex_compute_instance.nat",
            "yandex_vpc_network.diploma",
            "yandex_vpc_route_table.nat",
            "yandex_vpc_security_group.bastion",
            "yandex_vpc_security_group.web",
            "yandex_vpc_security_group.zabbix",
            "yandex_vpc_subnet.private_a",
            "yandex_vpc_subnet.private_b",
            "yandex_vpc_subnet.public"
          ]
        },
        {
          "index_key": "web2",
          "schema_version": 1,
          "attributes": {
            "allow_recreate": null,
            "allow_stopping_for_update": true,
            "boot_disk": [
              {
                "auto_delete": true,
                "device_name": "epd5vcvqd0j6ke3ko41j",
                "disk_id": "epd5vcvqd0j6ke3ko41j",
                "initialize_params": [
                  {
                    "block_size": 4096,
                    "description": "",
                    "image_id": "fd86n9726b9nc43mr7ru",
                    "kms_key_id": "",
                    "name": "",
                    "size": 10,
                    "snapshot_id": "",
                    "type": "network-hdd"
                  }
                ],
                "mode": "READ_WRITE"
              }
            ],
            "created_at": "2025-10-30T17:19:41Z",
            "description": "",
            "filesystem": [],
            "folder_id": "b1gh19tdmqdb1m0tod0r",
            "fqdn": "web2.ru-central1.internal",
            "gpu_cluster_id": "",
            "hardware_generation": [
              {
                "generation2_features": [],
                "legacy_features": [
                  {
                    "pci_topology": "PCI_TOPOLOGY_V2"
                  }
                ]
              }
            ],
            "hostname": "web2",
            "id": "epdqooaflmmufpvs09cj",
            "labels": {},
            "local_disk": [],
            "maintenance_grace_period": "",
            "maintenance_policy": null,
            "metadata": {
              "ssh-keys": "ubuntu:ssh-rsa AAAAB3NzaC1yc2EAAAADAQABAAACAQDGowJMaoq2zAoj1llcaCvGUAnhxrEVNIpkp/Aqq3fNGha7GwcuLwLcwImLWwn72hBxNWAqmUU/O23gWUXApSQAn6fjwuv68eQ7jSOwDUwOqt7DKLcV6r8VaHKWkC4KeSTueG7FH3PAGemXg2OL1U1q2SnjlKkvQYxS0cgNGNBWzwjjQR7qbn+fR0JuatbUKiJuDby6Dfwri2OdQku4K29AzevHDgi0/aAKFZyO9dN4Pof35YGg8uXesehN5fRNNnSlHj7qPhk0GCdFdYHxaOqfZyuxZ0w9dbZ7XncsI5A+Wb7UP31Hvj6FSRzuEJ1jC5ZaFr/buesZB9pF/gUzelTWERIgDL+rkgy5OZ4NqV8ZWSymJoyt9VF/bk3QZD+DG5tRSI+PpBiqQeh6tz4FpNopuzkxqsa4EUXYzwgj4GXFTxjgk9cMeAsf9RPkI/chJL3XnD1sGbs54f4F83bVM+1GvyaUAco/+i54UdMKwUTGbhz4/zH/ijEJRUl0JcnH1SIQR0acwxcv7gCiFEeiKPptQ10LdPwGfUMEYe4xi+ubUiC1tWMYJPqYOKxnqcaLlCnEgfMdinb4OM/JaphaBiL/JMgeHJBL/sX7JRjDMpDCLawIkZtO1hVkmHeTZguzHKELK1tHSrf4iKAzCe1I6i0pgWSPlR/XFkG5PlclFIkXiQ== hatteras@hatteras-VirtualBox\n"
            },
            "metadata_options": [
              {
                "aws_v1_http_endpoint": 1,
                "aws_v1_http_token": 2,
                "gce_http_endpoint": 1,
                "gce_http_token": 1
              }
            ],
            "name": "web2",
            "network_acceleration_type": "standard",
            "network_interface": [
              {
                "dns_record": [],
                "index": 0,
                "ip_address": "192.168.3.30",
                "ipv4": true,
                "ipv6": false,
                "ipv6_address": "",
                "ipv6_dns_record": [],
                "mac_address": "d0:0d:1a:c6:14:fa",
                "nat": false,
                "nat_dns_record": [],
                "nat_ip_address": "",
                "nat_ip_version": "",
                "security_group_ids": [
                  "enpdr9rs8vmm6ahttll1"
                ],
                "subnet_id": "e2lukrammm91vnmb3jg8"
              }
            ],
            "placement_policy": [
              {
                "host_affinity_rules": [],
                "placement_group_id": "",
                "placement_group_partition": 0
              }
            ],
            "platform_id": "standard-v3",
            "resources": [
              {
                "core_fraction": 20,
                "cores": 2,
                "gpus": 0,
                "memory": 2
              }
            ],
            "scheduling_policy": [
              {
                "preemptible": true
              }
            ],
            "secondary_disk": [],
            "service_account_id": "",
            "status": "running",
            "timeouts": null,
            "zone": "ru-central1-b"
          },
          "sensitive_attributes": [],
          "identity_schema_version": 0,
          "private": "eyJlMmJmYjczMC1lY2FhLTExZTYtOGY4OC0zNDM2M2JjN2M0YzAiOnsiY3JlYXRlIjozMDAwMDAwMDAwMDAsImRlbGV0ZSI6MzAwMDAwMDAwMDAwLCJ1cGRhdGUiOjMwMDAwMDAwMDAwMH0sInNjaGVtYV92ZXJzaW9uIjoiMSJ9",
          "dependencies": [
            "data.yandex_compute_image.ubuntu",
            "yandex_compute_instance.nat",
            "yandex_vpc_network.diploma",
            "yandex_vpc_route_table.nat",
            "yandex_vpc_security_group.bastion",
            "yandex_vpc_security_group.web",
            "yandex_vpc_security_group.zabbix",
            "yandex_vpc_subnet.private_a",
            "yandex_vpc_subnet.private_b",
            "yandex_vpc_subnet.public"
          ]
        }
      ]
    },
    {
      "mode": "managed",
      "type": "yandex_compute_instance",
      "name": "zabbix",
      "provider": "provider[\"registry.terraform.io/yandex-cloud/yandex\"]",
      "instances": [
        {
          "schema_version": 1,
          "attributes": {
            "allow_recreate": null,
            "allow_stopping_for_update": true,
            "boot_disk": [
              {
                "auto_delete": true,
                "device_name": "fhmvtphs3sta2a9qags4",
                "disk_id": "fhmvtphs3sta2a9qags4",
                "initialize_params": [
                  {
                    "block_size": 4096,
                    "description": "",
                    "image_id": "fd86n9726b9nc43mr7ru",
                    "kms_key_id": "",
                    "name": "",
                    "size": 10,
                    "snapshot_id": "",
                    "type": "network-hdd"
                  }
                ],
                "mode": "READ_WRITE"
              }
            ],
            "created_at": "2025-10-30T17:15:57Z",
            "description": "",
            "filesystem": [],
            "folder_id": "b1gh19tdmqdb1m0tod0r",
            "fqdn": "zabbix.ru-central1.internal",
            "gpu_cluster_id": "",
            "hardware_generation": [
              {
                "generation2_features": [],
                "legacy_features": [
                  {
                    "pci_topology": "PCI_TOPOLOGY_V2"
                  }
                ]
              }
            ],
            "hostname": "zabbix",
            "id": "fhm3hg6ublqsgqlbuo16",
            "labels": {},
            "local_disk": [],
            "maintenance_grace_period": "",
            "maintenance_policy": null,
            "metadata": {
              "ssh-keys": "ubuntu:ssh-rsa AAAAB3NzaC1yc2EAAAADAQABAAACAQDGowJMaoq2zAoj1llcaCvGUAnhxrEVNIpkp/Aqq3fNGha7GwcuLwLcwImLWwn72hBxNWAqmUU/O23gWUXApSQAn6fjwuv68eQ7jSOwDUwOqt7DKLcV6r8VaHKWkC4KeSTueG7FH3PAGemXg2OL1U1q2SnjlKkvQYxS0cgNGNBWzwjjQR7qbn+fR0JuatbUKiJuDby6Dfwri2OdQku4K29AzevHDgi0/aAKFZyO9dN4Pof35YGg8uXesehN5fRNNnSlHj7qPhk0GCdFdYHxaOqfZyuxZ0w9dbZ7XncsI5A+Wb7UP31Hvj6FSRzuEJ1jC5ZaFr/buesZB9pF/gUzelTWERIgDL+rkgy5OZ4NqV8ZWSymJoyt9VF/bk3QZD+DG5tRSI+PpBiqQeh6tz4FpNopuzkxqsa4EUXYzwgj4GXFTxjgk9cMeAsf9RPkI/chJL3XnD1sGbs54f4F83bVM+1GvyaUAco/+i54UdMKwUTGbhz4/zH/ijEJRUl0JcnH1SIQR0acwxcv7gCiFEeiKPptQ10LdPwGfUMEYe4xi+ubUiC1tWMYJPqYOKxnqcaLlCnEgfMdinb4OM/JaphaBiL/JMgeHJBL/sX7JRjDMpDCLawIkZtO1hVkmHeTZguzHKELK1tHSrf4iKAzCe1I6i0pgWSPlR/XFkG5PlclFIkXiQ== hatteras@hatteras-VirtualBox\n"
            },
            "metadata_options": [
              {
                "aws_v1_http_endpoint": 1,
                "aws_v1_http_token": 2,
                "gce_http_endpoint": 1,
                "gce_http_token": 1
              }
            ],
            "name": "zabbix",
            "network_acceleration_type": "standard",
            "network_interface": [
              {
                "dns_record": [],
                "index": 0,
                "ip_address": "192.168.1.17",
                "ipv4": true,
                "ipv6": false,
                "ipv6_address": "",
                "ipv6_dns_record": [],
                "mac_address": "d0:0d:38:c0:de:5d",
                "nat": true,
                "nat_dns_record": [],
                "nat_ip_address": "130.193.37.191",
                "nat_ip_version": "IPV4",
                "security_group_ids": [
                  "enps69k7uh0mdqbkgs6c"
                ],
                "subnet_id": "e9bk9nfvrupnd0ts07p6"
              }
            ],
            "placement_policy": [
              {
                "host_affinity_rules": [],
                "placement_group_id": "",
                "placement_group_partition": 0
              }
            ],
            "platform_id": "standard-v3",
            "resources": [
              {
                "core_fraction": 20,
                "cores": 2,
                "gpus": 0,
                "memory": 4
              }
            ],
            "scheduling_policy": [
              {
                "preemptible": true
              }
            ],
            "secondary_disk": [],
            "service_account_id": "",
            "status": "running",
            "timeouts": null,
            "zone": "ru-central1-a"
          },
          "sensitive_attributes": [],
          "identity_schema_version": 0,
          "private": "eyJlMmJmYjczMC1lY2FhLTExZTYtOGY4OC0zNDM2M2JjN2M0YzAiOnsiY3JlYXRlIjozMDAwMDAwMDAwMDAsImRlbGV0ZSI6MzAwMDAwMDAwMDAwLCJ1cGRhdGUiOjMwMDAwMDAwMDAwMH0sInNjaGVtYV92ZXJzaW9uIjoiMSJ9",
          "dependencies": [
            "data.yandex_compute_image.ubuntu",
            "yandex_vpc_network.diploma",
            "yandex_vpc_security_group.zabbix",
            "yandex_vpc_subnet.public"
          ]
        }
      ]
    },
    {
      "mode": "managed",
      "type": "yandex_vpc_network",
      "name": "diploma",
      "provider": "provider[\"registry.terraform.io/yandex-cloud/yandex\"]",
      "instances": [
        {
          "schema_version": 0,
          "attributes": {
            "created_at": "2025-10-30T17:15:43Z",
            "default_security_group_id": "enp4gdmghsmigh2k0jic",
            "description": "",
            "folder_id": "b1gh19tdmqdb1m0tod0r",
            "id": "enp7ehuhtgnh6qshouiq",
            "labels": {},
            "name": "diploma-vpc",
            "subnet_ids": [
              "e2lukrammm91vnmb3jg8",
              "e9bc9kqukjo3dr5c4ff7",
              "e9bk9nfvrupnd0ts07p6"
            ],
            "timeouts": null
          },
          "sensitive_attributes": [],
          "identity_schema_version": 0,
          "private": "eyJlMmJmYjczMC1lY2FhLTExZTYtOGY4OC0zNDM2M2JjN2M0YzAiOnsiY3JlYXRlIjo2MDAwMDAwMDAwMCwiZGVsZXRlIjo2MDAwMDAwMDAwMCwidXBkYXRlIjo2MDAwMDAwMDAwMH19"
        }
      ]
    },
    {
      "mode": "managed",
      "type": "yandex_vpc_route_table",
      "name": "nat",
      "provider": "provider[\"registry.terraform.io/yandex-cloud/yandex\"]",
      "instances": [
        {
          "schema_version": 0,
          "attributes": {
            "created_at": "2025-10-30T17:19:39Z",
            "description": "",
            "folder_id": "b1gh19tdmqdb1m0tod0r",
            "id": "enpqk6vmavissn2t9h3i",
            "labels": {},
            "name": "nat-route-table",
            "network_id": "enp7ehuhtgnh6qshouiq",
            "static_route": [
              {
                "destination_prefix": "0.0.0.0/0",
                "gateway_id": "",
                "next_hop_address": "192.168.1.5"
              }
            ],
            "timeouts": null
          },
          "sensitive_attributes": [],
          "identity_schema_version": 0,
          "private": "eyJlMmJmYjczMC1lY2FhLTExZTYtOGY4OC0zNDM2M2JjN2M0YzAiOnsiY3JlYXRlIjoxODAwMDAwMDAwMDAsImRlbGV0ZSI6MTgwMDAwMDAwMDAwLCJ1cGRhdGUiOjE4MDAwMDAwMDAwMH19",
          "dependencies": [
            "yandex_compute_instance.nat",
            "yandex_vpc_network.diploma",
            "yandex_vpc_subnet.public"
          ]
        }
      ]
    },
    {
      "mode": "managed",
      "type": "yandex_vpc_security_group",
      "name": "alb",
      "provider": "provider[\"registry.terraform.io/yandex-cloud/yandex\"]",
      "instances": [
        {
          "schema_version": 0,
          "attributes": {
            "created_at": "2025-10-30T17:15:50Z",
            "description": "",
            "egress": [
              {
                "description": "",
                "from_port": -1,
                "id": "enp12alan864h4ehssr1",
                "labels": {},
                "port": -1,
                "predefined_target": "",
                "protocol": "ANY",
                "security_group_id": "",
                "to_port": -1,
                "v4_cidr_blocks": [
                  "0.0.0.0/0"
                ],
                "v6_cidr_blocks": []
              }
            ],
            "folder_id": "b1gh19tdmqdb1m0tod0r",
            "id": "enpu8vom714os0uglpk9",
            "ingress": [
              {
                "description": "ALB Health Checks",
                "from_port": -1,
                "id": "enpqeqad1d2n1as0o6hg",
                "labels": {},
                "port": -1,
                "predefined_target": "loadbalancer_healthchecks",
                "protocol": "TCP",
                "security_group_id": "",
                "to_port": -1,
                "v4_cidr_blocks": [],
                "v6_cidr_blocks": []
              },
              {
                "description": "HTTP",
                "from_port": -1,
                "id": "enpmp865s5i2iol3tge0",
                "labels": {},
                "port": 80,
                "predefined_target": "",
                "protocol": "TCP",
                "security_group_id": "",
                "to_port": -1,
                "v4_cidr_blocks": [
                  "0.0.0.0/0"
                ],
                "v6_cidr_blocks": []
              }
            ],
            "labels": {},
            "name": "alb-sg",
            "network_id": "enp7ehuhtgnh6qshouiq",
            "status": "ACTIVE",
            "timeouts": null
          },
          "sensitive_attributes": [],
          "identity_schema_version": 0,
          "private": "eyJlMmJmYjczMC1lY2FhLTExZTYtOGY4OC0zNDM2M2JjN2M0YzAiOnsiY3JlYXRlIjoxODAwMDAwMDAwMDAsImRlbGV0ZSI6MTgwMDAwMDAwMDAwLCJ1cGRhdGUiOjE4MDAwMDAwMDAwMH19",
          "dependencies": [
            "yandex_vpc_network.diploma"
          ]
        }
      ]
    },
    {
      "mode": "managed",
      "type": "yandex_vpc_security_group",
      "name": "bastion",
      "provider": "provider[\"registry.terraform.io/yandex-cloud/yandex\"]",
      "instances": [
        {
          "schema_version": 0,
          "attributes": {
            "created_at": "2025-10-30T17:15:47Z",
            "description": "",
            "egress": [
              {
                "description": "All outbound",
                "from_port": -1,
                "id": "enpgjb787136f9vojvle",
                "labels": {},
                "port": -1,
                "predefined_target": "",
                "protocol": "ANY",
                "security_group_id": "",
                "to_port": -1,
                "v4_cidr_blocks": [
                  "0.0.0.0/0"
                ],
                "v6_cidr_blocks": []
              }
            ],
            "folder_id": "b1gh19tdmqdb1m0tod0r",
            "id": "enpdmbsukvj3ca43hkqu",
            "ingress": [
              {
                "description": "SSH",
                "from_port": -1,
                "id": "enp0d6n19flt4r2otstd",
                "labels": {},
                "port": 22,
                "predefined_target": "",
                "protocol": "TCP",
                "security_group_id": "",
                "to_port": -1,
                "v4_cidr_blocks": [
                  "94.140.251.17/32"
                ],
                "v6_cidr_blocks": []
              }
            ],
            "labels": {},
            "name": "bastion-sg",
            "network_id": "enp7ehuhtgnh6qshouiq",
            "status": "ACTIVE",
            "timeouts": null
          },
          "sensitive_attributes": [
            [
              {
                "type": "get_attr",
                "value": "ingress"
              }
            ]
          ],
          "identity_schema_version": 0,
          "private": "eyJlMmJmYjczMC1lY2FhLTExZTYtOGY4OC0zNDM2M2JjN2M0YzAiOnsiY3JlYXRlIjoxODAwMDAwMDAwMDAsImRlbGV0ZSI6MTgwMDAwMDAwMDAwLCJ1cGRhdGUiOjE4MDAwMDAwMDAwMH19",
          "dependencies": [
            "yandex_vpc_network.diploma"
          ]
        }
      ]
    },
    {
      "mode": "managed",
      "type": "yandex_vpc_security_group",
      "name": "elasticsearch",
      "provider": "provider[\"registry.terraform.io/yandex-cloud/yandex\"]",
      "instances": [
        {
          "schema_version": 0,
          "attributes": {
            "created_at": "2025-10-30T17:16:06Z",
            "description": "",
            "egress": [
              {
                "description": "",
                "from_port": -1,
                "id": "enpk4ds159hjih1e0doo",
                "labels": {},
                "port": -1,
                "predefined_target": "",
                "protocol": "ANY",
                "security_group_id": "",
                "to_port": -1,
                "v4_cidr_blocks": [
                  "0.0.0.0/0"
                ],
                "v6_cidr_blocks": []
              }
            ],
            "folder_id": "b1gh19tdmqdb1m0tod0r",
            "id": "enpm7ntmf340q3bkl6eb",
            "ingress": [
              {
                "description": "From Filebeat",
                "from_port": -1,
                "id": "enp9gfcpekdhuts8p893",
                "labels": {},
                "port": 9200,
                "predefined_target": "",
                "protocol": "TCP",
                "security_group_id": "enpdr9rs8vmm6ahttll1",
                "to_port": -1,
                "v4_cidr_blocks": [],
                "v6_cidr_blocks": []
              },
              {
                "description": "From Kibana",
                "from_port": -1,
                "id": "enpp3hsrk009kuc65q8g",
                "labels": {},
                "port": 9200,
                "predefined_target": "",
                "protocol": "TCP",
                "security_group_id": "enpqu8co2staoarmhrd3",
                "to_port": -1,
                "v4_cidr_blocks": [],
                "v6_cidr_blocks": []
              }
            ],
            "labels": {},
            "name": "elasticsearch-sg",
            "network_id": "enp7ehuhtgnh6qshouiq",
            "status": "ACTIVE",
            "timeouts": null
          },
          "sensitive_attributes": [],
          "identity_schema_version": 0,
          "private": "eyJlMmJmYjczMC1lY2FhLTExZTYtOGY4OC0zNDM2M2JjN2M0YzAiOnsiY3JlYXRlIjoxODAwMDAwMDAwMDAsImRlbGV0ZSI6MTgwMDAwMDAwMDAwLCJ1cGRhdGUiOjE4MDAwMDAwMDAwMH19",
          "dependencies": [
            "yandex_vpc_network.diploma",
            "yandex_vpc_security_group.bastion",
            "yandex_vpc_security_group.kibana",
            "yandex_vpc_security_group.web",
            "yandex_vpc_security_group.zabbix"
          ]
        }
      ]
    },
    {
      "mode": "managed",
      "type": "yandex_vpc_security_group",
      "name": "kibana",
      "provider": "provider[\"registry.terraform.io/yandex-cloud/yandex\"]",
      "instances": [
        {
          "schema_version": 0,
          "attributes": {
            "created_at": "2025-10-30T17:15:53Z",
            "description": "",
            "egress": [
              {
                "description": "",
                "from_port": -1,
                "id": "enp0s645llfl5ka3gtkf",
                "labels": {},
                "port": -1,
                "predefined_target": "",
                "protocol": "ANY",
                "security_group_id": "",
                "to_port": -1,
                "v4_cidr_blocks": [
                  "0.0.0.0/0"
                ],
                "v6_cidr_blocks": []
              }
            ],
            "folder_id": "b1gh19tdmqdb1m0tod0r",
            "id": "enpqu8co2staoarmhrd3",
            "ingress": [
              {
                "description": "Kibana UI",
                "from_port": -1,
                "id": "enp0d1ajn4gqnt5thbva",
                "labels": {},
                "port": 5601,
                "predefined_target": "",
                "protocol": "TCP",
                "security_group_id": "",
                "to_port": -1,
                "v4_cidr_blocks": [
                  "0.0.0.0/0"
                ],
                "v6_cidr_blocks": []
              }
            ],
            "labels": {},
            "name": "kibana-sg",
            "network_id": "enp7ehuhtgnh6qshouiq",
            "status": "ACTIVE",
            "timeouts": null
          },
          "sensitive_attributes": [],
          "identity_schema_version": 0,
          "private": "eyJlMmJmYjczMC1lY2FhLTExZTYtOGY4OC0zNDM2M2JjN2M0YzAiOnsiY3JlYXRlIjoxODAwMDAwMDAwMDAsImRlbGV0ZSI6MTgwMDAwMDAwMDAwLCJ1cGRhdGUiOjE4MDAwMDAwMDAwMH19",
          "dependencies": [
            "yandex_vpc_network.diploma"
          ]
        }
      ]
    },
    {
      "mode": "managed",
      "type": "yandex_vpc_security_group",
      "name": "web",
      "provider": "provider[\"registry.terraform.io/yandex-cloud/yandex\"]",
      "instances": [
        {
          "schema_version": 0,
          "attributes": {
            "created_at": "2025-10-30T17:16:03Z",
            "description": "",
            "egress": [
              {
                "description": "",
                "from_port": -1,
                "id": "enpg148jsckri7kaqit2",
                "labels": {},
                "port": -1,
                "predefined_target": "",
                "protocol": "ANY",
                "security_group_id": "",
                "to_port": -1,
                "v4_cidr_blocks": [
                  "0.0.0.0/0"
                ],
                "v6_cidr_blocks": []
              }
            ],
            "folder_id": "b1gh19tdmqdb1m0tod0r",
            "id": "enpdr9rs8vmm6ahttll1",
            "ingress": [
              {
                "description": "HTTP from ALB",
                "from_port": -1,
                "id": "enp17k0ptsph71dtk6be",
                "labels": {},
                "port": 80,
                "predefined_target": "loadbalancer_healthchecks",
                "protocol": "TCP",
                "security_group_id": "",
                "to_port": -1,
                "v4_cidr_blocks": [],
                "v6_cidr_blocks": []
              },
              {
                "description": "SSH from bastion",
                "from_port": -1,
                "id": "enpm2t8vm8uje7sksdkp",
                "labels": {},
                "port": 22,
                "predefined_target": "",
                "protocol": "TCP",
                "security_group_id": "enpdmbsukvj3ca43hkqu",
                "to_port": -1,
                "v4_cidr_blocks": [],
                "v6_cidr_blocks": []
              },
              {
                "description": "Zabbix Agent",
                "from_port": -1,
                "id": "enpbcrt7bq37krmtr3s5",
                "labels": {},
                "port": 10050,
                "predefined_target": "",
                "protocol": "TCP",
                "security_group_id": "enps69k7uh0mdqbkgs6c",
                "to_port": -1,
                "v4_cidr_blocks": [],
                "v6_cidr_blocks": []
              }
            ],
            "labels": {},
            "name": "web-sg",
            "network_id": "enp7ehuhtgnh6qshouiq",
            "status": "ACTIVE",
            "timeouts": null
          },
          "sensitive_attributes": [],
          "identity_schema_version": 0,
          "private": "eyJlMmJmYjczMC1lY2FhLTExZTYtOGY4OC0zNDM2M2JjN2M0YzAiOnsiY3JlYXRlIjoxODAwMDAwMDAwMDAsImRlbGV0ZSI6MTgwMDAwMDAwMDAwLCJ1cGRhdGUiOjE4MDAwMDAwMDAwMH19",
          "dependencies": [
            "yandex_vpc_network.diploma",
            "yandex_vpc_security_group.bastion",
            "yandex_vpc_security_group.zabbix"
          ]
        }
      ]
    },
    {
      "mode": "managed",
      "type": "yandex_vpc_security_group",
      "name": "zabbix",
      "provider": "provider[\"registry.terraform.io/yandex-cloud/yandex\"]",
      "instances": [
        {
          "schema_version": 0,
          "attributes": {
            "created_at": "2025-10-30T17:15:56Z",
            "description": "",
            "egress": [
              {
                "description": "",
                "from_port": -1,
                "id": "enpm92d49n30p3227fqj",
                "labels": {},
                "port": -1,
                "predefined_target": "",
                "protocol": "ANY",
                "security_group_id": "",
                "to_port": -1,
                "v4_cidr_blocks": [
                  "0.0.0.0/0"
                ],
                "v6_cidr_blocks": []
              }
            ],
            "folder_id": "b1gh19tdmqdb1m0tod0r",
            "id": "enps69k7uh0mdqbkgs6c",
            "ingress": [
              {
                "description": "Web UI",
                "from_port": -1,
                "id": "enpm6dj90sc6rd5qno77",
                "labels": {},
                "port": 80,
                "predefined_target": "",
                "protocol": "TCP",
                "security_group_id": "",
                "to_port": -1,
                "v4_cidr_blocks": [
                  "0.0.0.0/0"
                ],
                "v6_cidr_blocks": []
              },
              {
                "description": "Zabbix Server from agents",
                "from_port": -1,
                "id": "enpsebaaorqnqdhjrc03",
                "labels": {},
                "port": 10051,
                "predefined_target": "",
                "protocol": "TCP",
                "security_group_id": "",
                "to_port": -1,
                "v4_cidr_blocks": [
                  "192.168.2.0/24",
                  "192.168.3.0/24"
                ],
                "v6_cidr_blocks": []
              }
            ],
            "labels": {},
            "name": "zabbix-sg",
            "network_id": "enp7ehuhtgnh6qshouiq",
            "status": "ACTIVE",
            "timeouts": null
          },
          "sensitive_attributes": [],
          "identity_schema_version": 0,
          "private": "eyJlMmJmYjczMC1lY2FhLTExZTYtOGY4OC0zNDM2M2JjN2M0YzAiOnsiY3JlYXRlIjoxODAwMDAwMDAwMDAsImRlbGV0ZSI6MTgwMDAwMDAwMDAwLCJ1cGRhdGUiOjE4MDAwMDAwMDAwMH19",
          "dependencies": [
            "yandex_vpc_network.diploma"
          ]
        }
      ]
    },
    {
      "mode": "managed",
      "type": "yandex_vpc_subnet",
      "name": "private_a",
      "provider": "provider[\"registry.terraform.io/yandex-cloud/yandex\"]",
      "instances": [
        {
          "schema_version": 0,
          "attributes": {
            "created_at": "2025-10-30T17:19:40Z",
            "description": "",
            "dhcp_options": [],
            "folder_id": "b1gh19tdmqdb1m0tod0r",
            "id": "e9bc9kqukjo3dr5c4ff7",
            "labels": {},
            "name": "private-subnet-a",
            "network_id": "enp7ehuhtgnh6qshouiq",
            "route_table_id": "enpqk6vmavissn2t9h3i",
            "timeouts": null,
            "v4_cidr_blocks": [
              "192.168.2.0/24"
            ],
            "v6_cidr_blocks": [],
            "zone": "ru-central1-a"
          },
          "sensitive_attributes": [],
          "identity_schema_version": 0,
          "private": "eyJlMmJmYjczMC1lY2FhLTExZTYtOGY4OC0zNDM2M2JjN2M0YzAiOnsiY3JlYXRlIjoxODAwMDAwMDAwMDAsImRlbGV0ZSI6MTgwMDAwMDAwMDAwLCJ1cGRhdGUiOjE4MDAwMDAwMDAwMH19",
          "dependencies": [
            "yandex_compute_instance.nat",
            "yandex_vpc_network.diploma",
            "yandex_vpc_route_table.nat",
            "yandex_vpc_subnet.public"
          ]
        }
      ]
    },
    {
      "mode": "managed",
      "type": "yandex_vpc_subnet",
      "name": "private_b",
      "provider": "provider[\"registry.terraform.io/yandex-cloud/yandex\"]",
      "instances": [
        {
          "schema_version": 0,
          "attributes": {
            "created_at": "2025-10-30T17:19:40Z",
            "description": "",
            "dhcp_options": [],
            "folder_id": "b1gh19tdmqdb1m0tod0r",
            "id": "e2lukrammm91vnmb3jg8",
            "labels": {},
            "name": "private-subnet-b",
            "network_id": "enp7ehuhtgnh6qshouiq",
            "route_table_id": "enpqk6vmavissn2t9h3i",
            "timeouts": null,
            "v4_cidr_blocks": [
              "192.168.3.0/24"
            ],
            "v6_cidr_blocks": [],
            "zone": "ru-central1-b"
          },
          "sensitive_attributes": [],
          "identity_schema_version": 0,
          "private": "eyJlMmJmYjczMC1lY2FhLTExZTYtOGY4OC0zNDM2M2JjN2M0YzAiOnsiY3JlYXRlIjoxODAwMDAwMDAwMDAsImRlbGV0ZSI6MTgwMDAwMDAwMDAwLCJ1cGRhdGUiOjE4MDAwMDAwMDAwMH19",
          "dependencies": [
            "yandex_compute_instance.nat",
            "yandex_vpc_network.diploma",
            "yandex_vpc_route_table.nat",
            "yandex_vpc_subnet.public"
          ]
        }
      ]
    },
    {
      "mode": "managed",
      "type": "yandex_vpc_subnet",
      "name": "public",
      "provider": "provider[\"registry.terraform.io/yandex-cloud/yandex\"]",
      "instances": [
        {
          "schema_version": 0,
          "attributes": {
            "created_at": "2025-10-30T17:15:46Z",
            "description": "",
            "dhcp_options": [],
            "folder_id": "b1gh19tdmqdb1m0tod0r",
            "id": "e9bk9nfvrupnd0ts07p6",
            "labels": {},
            "name": "public-subnet",
            "network_id": "enp7ehuhtgnh6qshouiq",
            "route_table_id": "",
            "timeouts": null,
            "v4_cidr_blocks": [
              "192.168.1.0/24"
            ],
            "v6_cidr_blocks": [],
            "zone": "ru-central1-a"
          },
          "sensitive_attributes": [],
          "identity_schema_version": 0,
          "private": "eyJlMmJmYjczMC1lY2FhLTExZTYtOGY4OC0zNDM2M2JjN2M0YzAiOnsiY3JlYXRlIjoxODAwMDAwMDAwMDAsImRlbGV0ZSI6MTgwMDAwMDAwMDAwLCJ1cGRhdGUiOjE4MDAwMDAwMDAwMH19",
          "dependencies": [
            "yandex_vpc_network.diploma"
          ]
        }
      ]
    }
  ],
  "check_results": null
}
